
Microsoft Visual Studio Solution File, Format Version 12.00
# Visual Studio 14
VisualStudioVersion = 14.0.25420.1
MinimumVisualStudioVersion = 10.0.40219.1
Project("{2150E333-8FDC-42A3-9474-1A3956D46DE8}") = "Solution Items", "Solution Items", "{4673FCF3-05A1-4424-AEC3-B9B823342CC9}"
	ProjectSection(SolutionItems) = preProject
		nuspec\Acr.SpeechRecognition.nuspec = nuspec\Acr.SpeechRecognition.nuspec
		build.cake = build.cake
		build.cmd = build.cmd
		LICENSE.md = LICENSE.md
		nuspec\nuget.exe = nuspec\nuget.exe
		nuspec\pack.cmd = nuspec\pack.cmd
		nuspec\push.cmd = nuspec\push.cmd
		readme.md = readme.md
	EndProjectSection
EndProject
Project("{D954291E-2A0B-460D-934E-DC6B0785DB48}") = "Acr.SpeechRecognition.Shared", "Acr.SpeechRecognition.Shared\Acr.SpeechRecognition.Shared.shproj", "{99892CAF-61E9-4EF9-A736-444234C695D8}"
EndProject
Project("{FAE04EC0-301F-11D3-BF4B-00C04F79EFBC}") = "Acr.SpeechRecognition", "Acr.SpeechRecognition\Acr.SpeechRecognition.csproj", "{64AECABA-59AA-4D97-AA01-EB11DFD64919}"
EndProject
Project("{FAE04EC0-301F-11D3-BF4B-00C04F79EFBC}") = "Acr.SpeechRecognition.Interfaces", "Acr.SpeechRecognition.Interfaces\Acr.SpeechRecognition.Interfaces.csproj", "{89FA7495-508B-450A-AE56-094C410222D4}"
EndProject
Project("{FAE04EC0-301F-11D3-BF4B-00C04F79EFBC}") = "Acr.SpeechRecognition.Android", "Acr.SpeechRecognition.Android\Acr.SpeechRecognition.Android.csproj", "{7FC639E6-FFC3-4457-B2A8-CE2F3FC82140}"
EndProject
Project("{FAE04EC0-301F-11D3-BF4B-00C04F79EFBC}") = "Acr.SpeechRecognition.Uwp", "Acr.SpeechRecognition.Uwp\Acr.SpeechRecognition.Uwp.csproj", "{41CFE29A-E1BA-40C0-8A52-A5CCD063D2A2}"
EndProject
Project("{FAE04EC0-301F-11D3-BF4B-00C04F79EFBC}") = "Samples.Droid", "Samples\Samples.Droid\Samples.Droid.csproj", "{F7542E7F-BDEB-46A9-81B0-69A077A9C988}"
EndProject
Project("{FAE04EC0-301F-11D3-BF4B-00C04F79EFBC}") = "Samples.iOS", "Samples\Samples.iOS\Samples.iOS.csproj", "{495F05B1-E18B-4966-864D-E0CB57A84DA7}"
EndProject
Project("{FAE04EC0-301F-11D3-BF4B-00C04F79EFBC}") = "Samples.UWP", "Samples\Samples.UWP\Samples.UWP.csproj", "{0D1482CB-7C4B-45E0-80E8-9CAD5F7C1FCD}"
EndProject
Project("{FAE04EC0-301F-11D3-BF4B-00C04F79EFBC}") = "Samples", "Samples\Samples\Samples.csproj", "{F4A21F15-3DFB-4CB3-B406-88A95EAA8141}"
EndProject
Project("{2150E333-8FDC-42A3-9474-1A3956D46DE8}") = "lib", "lib", "{AE5515C4-8262-49BE-9AC1-9AE669480548}"
EndProject
Project("{FAE04EC0-301F-11D3-BF4B-00C04F79EFBC}") = "Acr.SpeechRecognition.iOS", "Acr.SpeechRecognition.iOS\Acr.SpeechRecognition.iOS.csproj", "{C7C77E17-36E7-410C-8AFE-00D30D132E4C}"
EndProject
Global
	GlobalSection(SharedMSBuildProjectFiles) = preSolution
		Acr.SpeechRecognition.Shared\Acr.SpeechRecognition.Shared.projitems*{41cfe29a-e1ba-40c0-8a52-a5ccd063d2a2}*SharedItemsImports = 4
		Acr.SpeechRecognition.Shared\Acr.SpeechRecognition.Shared.projitems*{64aecaba-59aa-4d97-aa01-eb11dfd64919}*SharedItemsImports = 4
		Acr.SpeechRecognition.Shared\Acr.SpeechRecognition.Shared.projitems*{7fc639e6-ffc3-4457-b2a8-ce2f3fc82140}*SharedItemsImports = 4
		Acr.SpeechRecognition.Shared\Acr.SpeechRecognition.Shared.projitems*{99892caf-61e9-4ef9-a736-444234c695d8}*SharedItemsImports = 13
		Acr.SpeechRecognition.Shared\Acr.SpeechRecognition.Shared.projitems*{c7c77e17-36e7-410c-8afe-00d30d132e4c}*SharedItemsImports = 4
	EndGlobalSection
	GlobalSection(SolutionConfigurationPlatforms) = preSolution
		Ad-Hoc|Any CPU = Ad-Hoc|Any CPU
		Ad-Hoc|ARM = Ad-Hoc|ARM
		Ad-Hoc|iPhone = Ad-Hoc|iPhone
		Ad-Hoc|iPhoneSimulator = Ad-Hoc|iPhoneSimulator
		Ad-Hoc|x64 = Ad-Hoc|x64
		Ad-Hoc|x86 = Ad-Hoc|x86
		AppStore|Any CPU = AppStore|Any CPU
		AppStore|ARM = AppStore|ARM
		AppStore|iPhone = AppStore|iPhone
		AppStore|iPhoneSimulator = AppStore|iPhoneSimulator
		AppStore|x64 = AppStore|x64
		AppStore|x86 = AppStore|x86
		Debug|Any CPU = Debug|Any CPU
		Debug|ARM = Debug|ARM
		Debug|iPhone = Debug|iPhone
		Debug|iPhoneSimulator = Debug|iPhoneSimulator
		Debug|x64 = Debug|x64
		Debug|x86 = Debug|x86
		Release|Any CPU = Release|Any CPU
		Release|ARM = Release|ARM
		Release|iPhone = Release|iPhone
		Release|iPhoneSimulator = Release|iPhoneSimulator
		Release|x64 = Release|x64
		Release|x86 = Release|x86
	EndGlobalSection
	GlobalSection(ProjectConfigurationPlatforms) = postSolution
		{64AECABA-59AA-4D97-AA01-EB11DFD64919}.Ad-Hoc|Any CPU.ActiveCfg = Release|Any CPU
		{64AECABA-59AA-4D97-AA01-EB11DFD64919}.Ad-Hoc|Any CPU.Build.0 = Release|Any CPU
		{64AECABA-59AA-4D97-AA01-EB11DFD64919}.Ad-Hoc|ARM.ActiveCfg = Release|Any CPU
		{64AECABA-59AA-4D97-AA01-EB11DFD64919}.Ad-Hoc|ARM.Build.0 = Release|Any CPU
		{64AECABA-59AA-4D97-AA01-EB11DFD64919}.Ad-Hoc|iPhone.ActiveCfg = Release|Any CPU
		{64AECABA-59AA-4D97-AA01-EB11DFD64919}.Ad-Hoc|iPhone.Build.0 = Release|Any CPU
		{64AECABA-59AA-4D97-AA01-EB11DFD64919}.Ad-Hoc|iPhoneSimulator.ActiveCfg = Release|Any CPU
		{64AECABA-59AA-4D97-AA01-EB11DFD64919}.Ad-Hoc|iPhoneSimulator.Build.0 = Release|Any CPU
		{64AECABA-59AA-4D97-AA01-EB11DFD64919}.Ad-Hoc|x64.ActiveCfg = Release|Any CPU
		{64AECABA-59AA-4D97-AA01-EB11DFD64919}.Ad-Hoc|x64.Build.0 = Release|Any CPU
		{64AECABA-59AA-4D97-AA01-EB11DFD64919}.Ad-Hoc|x86.ActiveCfg = Release|Any CPU
		{64AECABA-59AA-4D97-AA01-EB11DFD64919}.Ad-Hoc|x86.Build.0 = Release|Any CPU
		{64AECABA-59AA-4D97-AA01-EB11DFD64919}.AppStore|Any CPU.ActiveCfg = Release|Any CPU
		{64AECABA-59AA-4D97-AA01-EB11DFD64919}.AppStore|Any CPU.Build.0 = Release|Any CPU
		{64AECABA-59AA-4D97-AA01-EB11DFD64919}.AppStore|ARM.ActiveCfg = Release|Any CPU
		{64AECABA-59AA-4D97-AA01-EB11DFD64919}.AppStore|ARM.Build.0 = Release|Any CPU
		{64AECABA-59AA-4D97-AA01-EB11DFD64919}.AppStore|iPhone.ActiveCfg = Release|Any CPU
		{64AECABA-59AA-4D97-AA01-EB11DFD64919}.AppStore|iPhone.Build.0 = Release|Any CPU
		{64AECABA-59AA-4D97-AA01-EB11DFD64919}.AppStore|iPhoneSimulator.ActiveCfg = Release|Any CPU
		{64AECABA-59AA-4D97-AA01-EB11DFD64919}.AppStore|iPhoneSimulator.Build.0 = Release|Any CPU
		{64AECABA-59AA-4D97-AA01-EB11DFD64919}.AppStore|x64.ActiveCfg = Release|Any CPU
		{64AECABA-59AA-4D97-AA01-EB11DFD64919}.AppStore|x64.Build.0 = Release|Any CPU
		{64AECABA-59AA-4D97-AA01-EB11DFD64919}.AppStore|x86.ActiveCfg = Release|Any CPU
		{64AECABA-59AA-4D97-AA01-EB11DFD64919}.AppStore|x86.Build.0 = Release|Any CPU
		{64AECABA-59AA-4D97-AA01-EB11DFD64919}.Debug|Any CPU.ActiveCfg = Debug|Any CPU
		{64AECABA-59AA-4D97-AA01-EB11DFD64919}.Debug|Any CPU.Build.0 = Debug|Any CPU
		{64AECABA-59AA-4D97-AA01-EB11DFD64919}.Debug|ARM.ActiveCfg = Debug|Any CPU
		{64AECABA-59AA-4D97-AA01-EB11DFD64919}.Debug|ARM.Build.0 = Debug|Any CPU
		{64AECABA-59AA-4D97-AA01-EB11DFD64919}.Debug|iPhone.ActiveCfg = Debug|Any CPU
		{64AECABA-59AA-4D97-AA01-EB11DFD64919}.Debug|iPhone.Build.0 = Debug|Any CPU
		{64AECABA-59AA-4D97-AA01-EB11DFD64919}.Debug|iPhoneSimulator.ActiveCfg = Debug|Any CPU
		{64AECABA-59AA-4D97-AA01-EB11DFD64919}.Debug|iPhoneSimulator.Build.0 = Debug|Any CPU
		{64AECABA-59AA-4D97-AA01-EB11DFD64919}.Debug|x64.ActiveCfg = Debug|Any CPU
		{64AECABA-59AA-4D97-AA01-EB11DFD64919}.Debug|x64.Build.0 = Debug|Any CPU
		{64AECABA-59AA-4D97-AA01-EB11DFD64919}.Debug|x86.ActiveCfg = Debug|Any CPU
		{64AECABA-59AA-4D97-AA01-EB11DFD64919}.Debug|x86.Build.0 = Debug|Any CPU
		{64AECABA-59AA-4D97-AA01-EB11DFD64919}.Release|Any CPU.ActiveCfg = Release|Any CPU
		{64AECABA-59AA-4D97-AA01-EB11DFD64919}.Release|Any CPU.Build.0 = Release|Any CPU
		{64AECABA-59AA-4D97-AA01-EB11DFD64919}.Release|ARM.ActiveCfg = Release|Any CPU
		{64AECABA-59AA-4D97-AA01-EB11DFD64919}.Release|ARM.Build.0 = Release|Any CPU
		{64AECABA-59AA-4D97-AA01-EB11DFD64919}.Release|iPhone.ActiveCfg = Release|Any CPU
		{64AECABA-59AA-4D97-AA01-EB11DFD64919}.Release|iPhone.Build.0 = Release|Any CPU
		{64AECABA-59AA-4D97-AA01-EB11DFD64919}.Release|iPhoneSimulator.ActiveCfg = Release|Any CPU
		{64AECABA-59AA-4D97-AA01-EB11DFD64919}.Release|iPhoneSimulator.Build.0 = Release|Any CPU
		{64AECABA-59AA-4D97-AA01-EB11DFD64919}.Release|x64.ActiveCfg = Release|Any CPU
		{64AECABA-59AA-4D97-AA01-EB11DFD64919}.Release|x64.Build.0 = Release|Any CPU
		{64AECABA-59AA-4D97-AA01-EB11DFD64919}.Release|x86.ActiveCfg = Release|Any CPU
		{64AECABA-59AA-4D97-AA01-EB11DFD64919}.Release|x86.Build.0 = Release|Any CPU
		{89FA7495-508B-450A-AE56-094C410222D4}.Ad-Hoc|Any CPU.ActiveCfg = Release|Any CPU
		{89FA7495-508B-450A-AE56-094C410222D4}.Ad-Hoc|Any CPU.Build.0 = Release|Any CPU
		{89FA7495-508B-450A-AE56-094C410222D4}.Ad-Hoc|ARM.ActiveCfg = Release|Any CPU
		{89FA7495-508B-450A-AE56-094C410222D4}.Ad-Hoc|ARM.Build.0 = Release|Any CPU
		{89FA7495-508B-450A-AE56-094C410222D4}.Ad-Hoc|iPhone.ActiveCfg = Release|Any CPU
		{89FA7495-508B-450A-AE56-094C410222D4}.Ad-Hoc|iPhone.Build.0 = Release|Any CPU
		{89FA7495-508B-450A-AE56-094C410222D4}.Ad-Hoc|iPhoneSimulator.ActiveCfg = Release|Any CPU
		{89FA7495-508B-450A-AE56-094C410222D4}.Ad-Hoc|iPhoneSimulator.Build.0 = Release|Any CPU
		{89FA7495-508B-450A-AE56-094C410222D4}.Ad-Hoc|x64.ActiveCfg = Release|Any CPU
		{89FA7495-508B-450A-AE56-094C410222D4}.Ad-Hoc|x64.Build.0 = Release|Any CPU
		{89FA7495-508B-450A-AE56-094C410222D4}.Ad-Hoc|x86.ActiveCfg = Release|Any CPU
		{89FA7495-508B-450A-AE56-094C410222D4}.Ad-Hoc|x86.Build.0 = Release|Any CPU
		{89FA7495-508B-450A-AE56-094C410222D4}.AppStore|Any CPU.ActiveCfg = Release|Any CPU
		{89FA7495-508B-450A-AE56-094C410222D4}.AppStore|Any CPU.Build.0 = Release|Any CPU
		{89FA7495-508B-450A-AE56-094C410222D4}.AppStore|ARM.ActiveCfg = Release|Any CPU
		{89FA7495-508B-450A-AE56-094C410222D4}.AppStore|ARM.Build.0 = Release|Any CPU
		{89FA7495-508B-450A-AE56-094C410222D4}.AppStore|iPhone.ActiveCfg = Release|Any CPU
		{89FA7495-508B-450A-AE56-094C410222D4}.AppStore|iPhone.Build.0 = Release|Any CPU
		{89FA7495-508B-450A-AE56-094C410222D4}.AppStore|iPhoneSimulator.ActiveCfg = Release|Any CPU
		{89FA7495-508B-450A-AE56-094C410222D4}.AppStore|iPhoneSimulator.Build.0 = Release|Any CPU
		{89FA7495-508B-450A-AE56-094C410222D4}.AppStore|x64.ActiveCfg = Release|Any CPU
		{89FA7495-508B-450A-AE56-094C410222D4}.AppStore|x64.Build.0 = Release|Any CPU
		{89FA7495-508B-450A-AE56-094C410222D4}.AppStore|x86.ActiveCfg = Release|Any CPU
		{89FA7495-508B-450A-AE56-094C410222D4}.AppStore|x86.Build.0 = Release|Any CPU
		{89FA7495-508B-450A-AE56-094C410222D4}.Debug|Any CPU.ActiveCfg = Debug|Any CPU
		{89FA7495-508B-450A-AE56-094C410222D4}.Debug|Any CPU.Build.0 = Debug|Any CPU
		{89FA7495-508B-450A-AE56-094C410222D4}.Debug|ARM.ActiveCfg = Debug|Any CPU
		{89FA7495-508B-450A-AE56-094C410222D4}.Debug|ARM.Build.0 = Debug|Any CPU
		{89FA7495-508B-450A-AE56-094C410222D4}.Debug|iPhone.ActiveCfg = Debug|Any CPU
		{89FA7495-508B-450A-AE56-094C410222D4}.Debug|iPhone.Build.0 = Debug|Any CPU
		{89FA7495-508B-450A-AE56-094C410222D4}.Debug|iPhoneSimulator.ActiveCfg = Debug|Any CPU
		{89FA7495-508B-450A-AE56-094C410222D4}.Debug|iPhoneSimulator.Build.0 = Debug|Any CPU
		{89FA7495-508B-450A-AE56-094C410222D4}.Debug|x64.ActiveCfg = Debug|Any CPU
		{89FA7495-508B-450A-AE56-094C410222D4}.Debug|x64.Build.0 = Debug|Any CPU
		{89FA7495-508B-450A-AE56-094C410222D4}.Debug|x86.ActiveCfg = Debug|Any CPU
		{89FA7495-508B-450A-AE56-094C410222D4}.Debug|x86.Build.0 = Debug|Any CPU
		{89FA7495-508B-450A-AE56-094C410222D4}.Release|Any CPU.ActiveCfg = Release|Any CPU
		{89FA7495-508B-450A-AE56-094C410222D4}.Release|Any CPU.Build.0 = Release|Any CPU
		{89FA7495-508B-450A-AE56-094C410222D4}.Release|ARM.ActiveCfg = Release|Any CPU
		{89FA7495-508B-450A-AE56-094C410222D4}.Release|ARM.Build.0 = Release|Any CPU
		{89FA7495-508B-450A-AE56-094C410222D4}.Release|iPhone.ActiveCfg = Release|Any CPU
		{89FA7495-508B-450A-AE56-094C410222D4}.Release|iPhone.Build.0 = Release|Any CPU
		{89FA7495-508B-450A-AE56-094C410222D4}.Release|iPhoneSimulator.ActiveCfg = Release|Any CPU
		{89FA7495-508B-450A-AE56-094C410222D4}.Release|iPhoneSimulator.Build.0 = Release|Any CPU
		{89FA7495-508B-450A-AE56-094C410222D4}.Release|x64.ActiveCfg = Release|Any CPU
		{89FA7495-508B-450A-AE56-094C410222D4}.Release|x64.Build.0 = Release|Any CPU
		{89FA7495-508B-450A-AE56-094C410222D4}.Release|x86.ActiveCfg = Release|Any CPU
		{89FA7495-508B-450A-AE56-094C410222D4}.Release|x86.Build.0 = Release|Any CPU
		{7FC639E6-FFC3-4457-B2A8-CE2F3FC82140}.Ad-Hoc|Any CPU.ActiveCfg = Release|Any CPU
		{7FC639E6-FFC3-4457-B2A8-CE2F3FC82140}.Ad-Hoc|Any CPU.Build.0 = Release|Any CPU
		{7FC639E6-FFC3-4457-B2A8-CE2F3FC82140}.Ad-Hoc|ARM.ActiveCfg = Release|Any CPU
		{7FC639E6-FFC3-4457-B2A8-CE2F3FC82140}.Ad-Hoc|ARM.Build.0 = Release|Any CPU
		{7FC639E6-FFC3-4457-B2A8-CE2F3FC82140}.Ad-Hoc|iPhone.ActiveCfg = Release|Any CPU
		{7FC639E6-FFC3-4457-B2A8-CE2F3FC82140}.Ad-Hoc|iPhone.Build.0 = Release|Any CPU
		{7FC639E6-FFC3-4457-B2A8-CE2F3FC82140}.Ad-Hoc|iPhoneSimulator.ActiveCfg = Release|Any CPU
		{7FC639E6-FFC3-4457-B2A8-CE2F3FC82140}.Ad-Hoc|iPhoneSimulator.Build.0 = Release|Any CPU
		{7FC639E6-FFC3-4457-B2A8-CE2F3FC82140}.Ad-Hoc|x64.ActiveCfg = Release|Any CPU
		{7FC639E6-FFC3-4457-B2A8-CE2F3FC82140}.Ad-Hoc|x64.Build.0 = Release|Any CPU
		{7FC639E6-FFC3-4457-B2A8-CE2F3FC82140}.Ad-Hoc|x86.ActiveCfg = Release|Any CPU
		{7FC639E6-FFC3-4457-B2A8-CE2F3FC82140}.Ad-Hoc|x86.Build.0 = Release|Any CPU
		{7FC639E6-FFC3-4457-B2A8-CE2F3FC82140}.AppStore|Any CPU.ActiveCfg = Release|Any CPU
		{7FC639E6-FFC3-4457-B2A8-CE2F3FC82140}.AppStore|Any CPU.Build.0 = Release|Any CPU
		{7FC639E6-FFC3-4457-B2A8-CE2F3FC82140}.AppStore|ARM.ActiveCfg = Release|Any CPU
		{7FC639E6-FFC3-4457-B2A8-CE2F3FC82140}.AppStore|ARM.Build.0 = Release|Any CPU
		{7FC639E6-FFC3-4457-B2A8-CE2F3FC82140}.AppStore|iPhone.ActiveCfg = Release|Any CPU
		{7FC639E6-FFC3-4457-B2A8-CE2F3FC82140}.AppStore|iPhone.Build.0 = Release|Any CPU
		{7FC639E6-FFC3-4457-B2A8-CE2F3FC82140}.AppStore|iPhoneSimulator.ActiveCfg = Release|Any CPU
		{7FC639E6-FFC3-4457-B2A8-CE2F3FC82140}.AppStore|iPhoneSimulator.Build.0 = Release|Any CPU
		{7FC639E6-FFC3-4457-B2A8-CE2F3FC82140}.AppStore|x64.ActiveCfg = Release|Any CPU
		{7FC639E6-FFC3-4457-B2A8-CE2F3FC82140}.AppStore|x64.Build.0 = Release|Any CPU
		{7FC639E6-FFC3-4457-B2A8-CE2F3FC82140}.AppStore|x86.ActiveCfg = Release|Any CPU
		{7FC639E6-FFC3-4457-B2A8-CE2F3FC82140}.AppStore|x86.Build.0 = Release|Any CPU
		{7FC639E6-FFC3-4457-B2A8-CE2F3FC82140}.Debug|Any CPU.ActiveCfg = Debug|Any CPU
		{7FC639E6-FFC3-4457-B2A8-CE2F3FC82140}.Debug|Any CPU.Build.0 = Debug|Any CPU
		{7FC639E6-FFC3-4457-B2A8-CE2F3FC82140}.Debug|ARM.ActiveCfg = Debug|Any CPU
		{7FC639E6-FFC3-4457-B2A8-CE2F3FC82140}.Debug|ARM.Build.0 = Debug|Any CPU
		{7FC639E6-FFC3-4457-B2A8-CE2F3FC82140}.Debug|iPhone.ActiveCfg = Debug|Any CPU
		{7FC639E6-FFC3-4457-B2A8-CE2F3FC82140}.Debug|iPhone.Build.0 = Debug|Any CPU
		{7FC639E6-FFC3-4457-B2A8-CE2F3FC82140}.Debug|iPhoneSimulator.ActiveCfg = Debug|Any CPU
		{7FC639E6-FFC3-4457-B2A8-CE2F3FC82140}.Debug|iPhoneSimulator.Build.0 = Debug|Any CPU
		{7FC639E6-FFC3-4457-B2A8-CE2F3FC82140}.Debug|x64.ActiveCfg = Debug|Any CPU
		{7FC639E6-FFC3-4457-B2A8-CE2F3FC82140}.Debug|x64.Build.0 = Debug|Any CPU
		{7FC639E6-FFC3-4457-B2A8-CE2F3FC82140}.Debug|x86.ActiveCfg = Debug|Any CPU
		{7FC639E6-FFC3-4457-B2A8-CE2F3FC82140}.Debug|x86.Build.0 = Debug|Any CPU
		{7FC639E6-FFC3-4457-B2A8-CE2F3FC82140}.Release|Any CPU.ActiveCfg = Release|Any CPU
		{7FC639E6-FFC3-4457-B2A8-CE2F3FC82140}.Release|Any CPU.Build.0 = Release|Any CPU
		{7FC639E6-FFC3-4457-B2A8-CE2F3FC82140}.Release|ARM.ActiveCfg = Release|Any CPU
		{7FC639E6-FFC3-4457-B2A8-CE2F3FC82140}.Release|ARM.Build.0 = Release|Any CPU
		{7FC639E6-FFC3-4457-B2A8-CE2F3FC82140}.Release|iPhone.ActiveCfg = Release|Any CPU
		{7FC639E6-FFC3-4457-B2A8-CE2F3FC82140}.Release|iPhone.Build.0 = Release|Any CPU
		{7FC639E6-FFC3-4457-B2A8-CE2F3FC82140}.Release|iPhoneSimulator.ActiveCfg = Release|Any CPU
		{7FC639E6-FFC3-4457-B2A8-CE2F3FC82140}.Release|iPhoneSimulator.Build.0 = Release|Any CPU
		{7FC639E6-FFC3-4457-B2A8-CE2F3FC82140}.Release|x64.ActiveCfg = Release|Any CPU
		{7FC639E6-FFC3-4457-B2A8-CE2F3FC82140}.Release|x64.Build.0 = Release|Any CPU
		{7FC639E6-FFC3-4457-B2A8-CE2F3FC82140}.Release|x86.ActiveCfg = Release|Any CPU
		{7FC639E6-FFC3-4457-B2A8-CE2F3FC82140}.Release|x86.Build.0 = Release|Any CPU
		{41CFE29A-E1BA-40C0-8A52-A5CCD063D2A2}.Ad-Hoc|Any CPU.ActiveCfg = Release|Any CPU
		{41CFE29A-E1BA-40C0-8A52-A5CCD063D2A2}.Ad-Hoc|Any CPU.Build.0 = Release|Any CPU
		{41CFE29A-E1BA-40C0-8A52-A5CCD063D2A2}.Ad-Hoc|ARM.ActiveCfg = Release|ARM
		{41CFE29A-E1BA-40C0-8A52-A5CCD063D2A2}.Ad-Hoc|ARM.Build.0 = Release|ARM
		{41CFE29A-E1BA-40C0-8A52-A5CCD063D2A2}.Ad-Hoc|iPhone.ActiveCfg = Release|Any CPU
		{41CFE29A-E1BA-40C0-8A52-A5CCD063D2A2}.Ad-Hoc|iPhone.Build.0 = Release|Any CPU
		{41CFE29A-E1BA-40C0-8A52-A5CCD063D2A2}.Ad-Hoc|iPhoneSimulator.ActiveCfg = Release|Any CPU
		{41CFE29A-E1BA-40C0-8A52-A5CCD063D2A2}.Ad-Hoc|iPhoneSimulator.Build.0 = Release|Any CPU
		{41CFE29A-E1BA-40C0-8A52-A5CCD063D2A2}.Ad-Hoc|x64.ActiveCfg = Release|x64
		{41CFE29A-E1BA-40C0-8A52-A5CCD063D2A2}.Ad-Hoc|x64.Build.0 = Release|x64
		{41CFE29A-E1BA-40C0-8A52-A5CCD063D2A2}.Ad-Hoc|x86.ActiveCfg = Release|x86
		{41CFE29A-E1BA-40C0-8A52-A5CCD063D2A2}.Ad-Hoc|x86.Build.0 = Release|x86
		{41CFE29A-E1BA-40C0-8A52-A5CCD063D2A2}.AppStore|Any CPU.ActiveCfg = Release|Any CPU
		{41CFE29A-E1BA-40C0-8A52-A5CCD063D2A2}.AppStore|Any CPU.Build.0 = Release|Any CPU
		{41CFE29A-E1BA-40C0-8A52-A5CCD063D2A2}.AppStore|ARM.ActiveCfg = Release|ARM
		{41CFE29A-E1BA-40C0-8A52-A5CCD063D2A2}.AppStore|ARM.Build.0 = Release|ARM
		{41CFE29A-E1BA-40C0-8A52-A5CCD063D2A2}.AppStore|iPhone.ActiveCfg = Release|Any CPU
		{41CFE29A-E1BA-40C0-8A52-A5CCD063D2A2}.AppStore|iPhone.Build.0 = Release|Any CPU
		{41CFE29A-E1BA-40C0-8A52-A5CCD063D2A2}.AppStore|iPhoneSimulator.ActiveCfg = Release|Any CPU
		{41CFE29A-E1BA-40C0-8A52-A5CCD063D2A2}.AppStore|iPhoneSimulator.Build.0 = Release|Any CPU
		{41CFE29A-E1BA-40C0-8A52-A5CCD063D2A2}.AppStore|x64.ActiveCfg = Release|x64
		{41CFE29A-E1BA-40C0-8A52-A5CCD063D2A2}.AppStore|x64.Build.0 = Release|x64
		{41CFE29A-E1BA-40C0-8A52-A5CCD063D2A2}.AppStore|x86.ActiveCfg = Release|x86
		{41CFE29A-E1BA-40C0-8A52-A5CCD063D2A2}.AppStore|x86.Build.0 = Release|x86
		{41CFE29A-E1BA-40C0-8A52-A5CCD063D2A2}.Debug|Any CPU.ActiveCfg = Debug|Any CPU
		{41CFE29A-E1BA-40C0-8A52-A5CCD063D2A2}.Debug|Any CPU.Build.0 = Debug|Any CPU
		{41CFE29A-E1BA-40C0-8A52-A5CCD063D2A2}.Debug|ARM.ActiveCfg = Debug|ARM
		{41CFE29A-E1BA-40C0-8A52-A5CCD063D2A2}.Debug|ARM.Build.0 = Debug|ARM
		{41CFE29A-E1BA-40C0-8A52-A5CCD063D2A2}.Debug|iPhone.ActiveCfg = Debug|Any CPU
		{41CFE29A-E1BA-40C0-8A52-A5CCD063D2A2}.Debug|iPhone.Build.0 = Debug|Any CPU
		{41CFE29A-E1BA-40C0-8A52-A5CCD063D2A2}.Debug|iPhoneSimulator.ActiveCfg = Debug|Any CPU
		{41CFE29A-E1BA-40C0-8A52-A5CCD063D2A2}.Debug|iPhoneSimulator.Build.0 = Debug|Any CPU
		{41CFE29A-E1BA-40C0-8A52-A5CCD063D2A2}.Debug|x64.ActiveCfg = Debug|x64
		{41CFE29A-E1BA-40C0-8A52-A5CCD063D2A2}.Debug|x64.Build.0 = Debug|x64
		{41CFE29A-E1BA-40C0-8A52-A5CCD063D2A2}.Debug|x86.ActiveCfg = Debug|x86
		{41CFE29A-E1BA-40C0-8A52-A5CCD063D2A2}.Debug|x86.Build.0 = Debug|x86
		{41CFE29A-E1BA-40C0-8A52-A5CCD063D2A2}.Release|Any CPU.ActiveCfg = Release|Any CPU
		{41CFE29A-E1BA-40C0-8A52-A5CCD063D2A2}.Release|Any CPU.Build.0 = Release|Any CPU
		{41CFE29A-E1BA-40C0-8A52-A5CCD063D2A2}.Release|ARM.ActiveCfg = Release|ARM
		{41CFE29A-E1BA-40C0-8A52-A5CCD063D2A2}.Release|ARM.Build.0 = Release|ARM
		{41CFE29A-E1BA-40C0-8A52-A5CCD063D2A2}.Release|iPhone.ActiveCfg = Release|Any CPU
		{41CFE29A-E1BA-40C0-8A52-A5CCD063D2A2}.Release|iPhone.Build.0 = Release|Any CPU
		{41CFE29A-E1BA-40C0-8A52-A5CCD063D2A2}.Release|iPhoneSimulator.ActiveCfg = Release|Any CPU
		{41CFE29A-E1BA-40C0-8A52-A5CCD063D2A2}.Release|iPhoneSimulator.Build.0 = Release|Any CPU
		{41CFE29A-E1BA-40C0-8A52-A5CCD063D2A2}.Release|x64.ActiveCfg = Release|x64
		{41CFE29A-E1BA-40C0-8A52-A5CCD063D2A2}.Release|x64.Build.0 = Release|x64
		{41CFE29A-E1BA-40C0-8A52-A5CCD063D2A2}.Release|x86.ActiveCfg = Release|x86
		{41CFE29A-E1BA-40C0-8A52-A5CCD063D2A2}.Release|x86.Build.0 = Release|x86
		{F7542E7F-BDEB-46A9-81B0-69A077A9C988}.Ad-Hoc|Any CPU.ActiveCfg = Release|Any CPU
		{F7542E7F-BDEB-46A9-81B0-69A077A9C988}.Ad-Hoc|Any CPU.Build.0 = Release|Any CPU
		{F7542E7F-BDEB-46A9-81B0-69A077A9C988}.Ad-Hoc|Any CPU.Deploy.0 = Release|Any CPU
		{F7542E7F-BDEB-46A9-81B0-69A077A9C988}.Ad-Hoc|ARM.ActiveCfg = Release|Any CPU
		{F7542E7F-BDEB-46A9-81B0-69A077A9C988}.Ad-Hoc|ARM.Build.0 = Release|Any CPU
		{F7542E7F-BDEB-46A9-81B0-69A077A9C988}.Ad-Hoc|ARM.Deploy.0 = Release|Any CPU
		{F7542E7F-BDEB-46A9-81B0-69A077A9C988}.Ad-Hoc|iPhone.ActiveCfg = Release|Any CPU
		{F7542E7F-BDEB-46A9-81B0-69A077A9C988}.Ad-Hoc|iPhone.Build.0 = Release|Any CPU
		{F7542E7F-BDEB-46A9-81B0-69A077A9C988}.Ad-Hoc|iPhone.Deploy.0 = Release|Any CPU
		{F7542E7F-BDEB-46A9-81B0-69A077A9C988}.Ad-Hoc|iPhoneSimulator.ActiveCfg = Release|Any CPU
		{F7542E7F-BDEB-46A9-81B0-69A077A9C988}.Ad-Hoc|iPhoneSimulator.Build.0 = Release|Any CPU
		{F7542E7F-BDEB-46A9-81B0-69A077A9C988}.Ad-Hoc|iPhoneSimulator.Deploy.0 = Release|Any CPU
		{F7542E7F-BDEB-46A9-81B0-69A077A9C988}.Ad-Hoc|x64.ActiveCfg = Release|Any CPU
		{F7542E7F-BDEB-46A9-81B0-69A077A9C988}.Ad-Hoc|x64.Build.0 = Release|Any CPU
		{F7542E7F-BDEB-46A9-81B0-69A077A9C988}.Ad-Hoc|x64.Deploy.0 = Release|Any CPU
		{F7542E7F-BDEB-46A9-81B0-69A077A9C988}.Ad-Hoc|x86.ActiveCfg = Release|Any CPU
		{F7542E7F-BDEB-46A9-81B0-69A077A9C988}.Ad-Hoc|x86.Build.0 = Release|Any CPU
		{F7542E7F-BDEB-46A9-81B0-69A077A9C988}.Ad-Hoc|x86.Deploy.0 = Release|Any CPU
		{F7542E7F-BDEB-46A9-81B0-69A077A9C988}.AppStore|Any CPU.ActiveCfg = Release|Any CPU
		{F7542E7F-BDEB-46A9-81B0-69A077A9C988}.AppStore|Any CPU.Build.0 = Release|Any CPU
		{F7542E7F-BDEB-46A9-81B0-69A077A9C988}.AppStore|Any CPU.Deploy.0 = Release|Any CPU
		{F7542E7F-BDEB-46A9-81B0-69A077A9C988}.AppStore|ARM.ActiveCfg = Release|Any CPU
		{F7542E7F-BDEB-46A9-81B0-69A077A9C988}.AppStore|ARM.Build.0 = Release|Any CPU
		{F7542E7F-BDEB-46A9-81B0-69A077A9C988}.AppStore|ARM.Deploy.0 = Release|Any CPU
		{F7542E7F-BDEB-46A9-81B0-69A077A9C988}.AppStore|iPhone.ActiveCfg = Release|Any CPU
		{F7542E7F-BDEB-46A9-81B0-69A077A9C988}.AppStore|iPhone.Build.0 = Release|Any CPU
		{F7542E7F-BDEB-46A9-81B0-69A077A9C988}.AppStore|iPhone.Deploy.0 = Release|Any CPU
		{F7542E7F-BDEB-46A9-81B0-69A077A9C988}.AppStore|iPhoneSimulator.ActiveCfg = Release|Any CPU
		{F7542E7F-BDEB-46A9-81B0-69A077A9C988}.AppStore|iPhoneSimulator.Build.0 = Release|Any CPU
		{F7542E7F-BDEB-46A9-81B0-69A077A9C988}.AppStore|iPhoneSimulator.Deploy.0 = Release|Any CPU
		{F7542E7F-BDEB-46A9-81B0-69A077A9C988}.AppStore|x64.ActiveCfg = Release|Any CPU
		{F7542E7F-BDEB-46A9-81B0-69A077A9C988}.AppStore|x64.Build.0 = Release|Any CPU
		{F7542E7F-BDEB-46A9-81B0-69A077A9C988}.AppStore|x64.Deploy.0 = Release|Any CPU
		{F7542E7F-BDEB-46A9-81B0-69A077A9C988}.AppStore|x86.ActiveCfg = Release|Any CPU
		{F7542E7F-BDEB-46A9-81B0-69A077A9C988}.AppStore|x86.Build.0 = Release|Any CPU
		{F7542E7F-BDEB-46A9-81B0-69A077A9C988}.AppStore|x86.Deploy.0 = Release|Any CPU
		{F7542E7F-BDEB-46A9-81B0-69A077A9C988}.Debug|Any CPU.ActiveCfg = Debug|Any CPU
		{F7542E7F-BDEB-46A9-81B0-69A077A9C988}.Debug|Any CPU.Build.0 = Debug|Any CPU
		{F7542E7F-BDEB-46A9-81B0-69A077A9C988}.Debug|Any CPU.Deploy.0 = Debug|Any CPU
		{F7542E7F-BDEB-46A9-81B0-69A077A9C988}.Debug|ARM.ActiveCfg = Debug|Any CPU
		{F7542E7F-BDEB-46A9-81B0-69A077A9C988}.Debug|ARM.Build.0 = Debug|Any CPU
		{F7542E7F-BDEB-46A9-81B0-69A077A9C988}.Debug|ARM.Deploy.0 = Debug|Any CPU
		{F7542E7F-BDEB-46A9-81B0-69A077A9C988}.Debug|iPhone.ActiveCfg = Debug|Any CPU
		{F7542E7F-BDEB-46A9-81B0-69A077A9C988}.Debug|iPhone.Build.0 = Debug|Any CPU
		{F7542E7F-BDEB-46A9-81B0-69A077A9C988}.Debug|iPhone.Deploy.0 = Debug|Any CPU
		{F7542E7F-BDEB-46A9-81B0-69A077A9C988}.Debug|iPhoneSimulator.ActiveCfg = Debug|Any CPU
		{F7542E7F-BDEB-46A9-81B0-69A077A9C988}.Debug|iPhoneSimulator.Build.0 = Debug|Any CPU
		{F7542E7F-BDEB-46A9-81B0-69A077A9C988}.Debug|iPhoneSimulator.Deploy.0 = Debug|Any CPU
		{F7542E7F-BDEB-46A9-81B0-69A077A9C988}.Debug|x64.ActiveCfg = Debug|Any CPU
		{F7542E7F-BDEB-46A9-81B0-69A077A9C988}.Debug|x64.Build.0 = Debug|Any CPU
		{F7542E7F-BDEB-46A9-81B0-69A077A9C988}.Debug|x64.Deploy.0 = Debug|Any CPU
		{F7542E7F-BDEB-46A9-81B0-69A077A9C988}.Debug|x86.ActiveCfg = Debug|Any CPU
		{F7542E7F-BDEB-46A9-81B0-69A077A9C988}.Debug|x86.Build.0 = Debug|Any CPU
		{F7542E7F-BDEB-46A9-81B0-69A077A9C988}.Debug|x86.Deploy.0 = Debug|Any CPU
		{F7542E7F-BDEB-46A9-81B0-69A077A9C988}.Release|Any CPU.ActiveCfg = Release|Any CPU
		{F7542E7F-BDEB-46A9-81B0-69A077A9C988}.Release|Any CPU.Build.0 = Release|Any CPU
		{F7542E7F-BDEB-46A9-81B0-69A077A9C988}.Release|Any CPU.Deploy.0 = Release|Any CPU
		{F7542E7F-BDEB-46A9-81B0-69A077A9C988}.Release|ARM.ActiveCfg = Release|Any CPU
		{F7542E7F-BDEB-46A9-81B0-69A077A9C988}.Release|ARM.Build.0 = Release|Any CPU
		{F7542E7F-BDEB-46A9-81B0-69A077A9C988}.Release|ARM.Deploy.0 = Release|Any CPU
		{F7542E7F-BDEB-46A9-81B0-69A077A9C988}.Release|iPhone.ActiveCfg = Release|Any CPU
		{F7542E7F-BDEB-46A9-81B0-69A077A9C988}.Release|iPhone.Build.0 = Release|Any CPU
		{F7542E7F-BDEB-46A9-81B0-69A077A9C988}.Release|iPhone.Deploy.0 = Release|Any CPU
		{F7542E7F-BDEB-46A9-81B0-69A077A9C988}.Release|iPhoneSimulator.ActiveCfg = Release|Any CPU
		{F7542E7F-BDEB-46A9-81B0-69A077A9C988}.Release|iPhoneSimulator.Build.0 = Release|Any CPU
		{F7542E7F-BDEB-46A9-81B0-69A077A9C988}.Release|iPhoneSimulator.Deploy.0 = Release|Any CPU
		{F7542E7F-BDEB-46A9-81B0-69A077A9C988}.Release|x64.ActiveCfg = Release|Any CPU
		{F7542E7F-BDEB-46A9-81B0-69A077A9C988}.Release|x64.Build.0 = Release|Any CPU
		{F7542E7F-BDEB-46A9-81B0-69A077A9C988}.Release|x64.Deploy.0 = Release|Any CPU
		{F7542E7F-BDEB-46A9-81B0-69A077A9C988}.Release|x86.ActiveCfg = Release|Any CPU
		{F7542E7F-BDEB-46A9-81B0-69A077A9C988}.Release|x86.Build.0 = Release|Any CPU
		{F7542E7F-BDEB-46A9-81B0-69A077A9C988}.Release|x86.Deploy.0 = Release|Any CPU
		{495F05B1-E18B-4966-864D-E0CB57A84DA7}.Ad-Hoc|Any CPU.ActiveCfg = Ad-Hoc|iPhone
		{495F05B1-E18B-4966-864D-E0CB57A84DA7}.Ad-Hoc|ARM.ActiveCfg = Ad-Hoc|iPhone
		{495F05B1-E18B-4966-864D-E0CB57A84DA7}.Ad-Hoc|iPhone.ActiveCfg = Ad-Hoc|iPhone
		{495F05B1-E18B-4966-864D-E0CB57A84DA7}.Ad-Hoc|iPhone.Build.0 = Ad-Hoc|iPhone
		{495F05B1-E18B-4966-864D-E0CB57A84DA7}.Ad-Hoc|iPhoneSimulator.ActiveCfg = Ad-Hoc|iPhoneSimulator
		{495F05B1-E18B-4966-864D-E0CB57A84DA7}.Ad-Hoc|iPhoneSimulator.Build.0 = Ad-Hoc|iPhoneSimulator
		{495F05B1-E18B-4966-864D-E0CB57A84DA7}.Ad-Hoc|x64.ActiveCfg = Ad-Hoc|iPhone
		{495F05B1-E18B-4966-864D-E0CB57A84DA7}.Ad-Hoc|x86.ActiveCfg = Ad-Hoc|iPhone
		{495F05B1-E18B-4966-864D-E0CB57A84DA7}.AppStore|Any CPU.ActiveCfg = AppStore|iPhone
		{495F05B1-E18B-4966-864D-E0CB57A84DA7}.AppStore|ARM.ActiveCfg = AppStore|iPhone
		{495F05B1-E18B-4966-864D-E0CB57A84DA7}.AppStore|iPhone.ActiveCfg = AppStore|iPhone
		{495F05B1-E18B-4966-864D-E0CB57A84DA7}.AppStore|iPhone.Build.0 = AppStore|iPhone
		{495F05B1-E18B-4966-864D-E0CB57A84DA7}.AppStore|iPhoneSimulator.ActiveCfg = AppStore|iPhoneSimulator
		{495F05B1-E18B-4966-864D-E0CB57A84DA7}.AppStore|iPhoneSimulator.Build.0 = AppStore|iPhoneSimulator
		{495F05B1-E18B-4966-864D-E0CB57A84DA7}.AppStore|x64.ActiveCfg = AppStore|iPhone
		{495F05B1-E18B-4966-864D-E0CB57A84DA7}.AppStore|x86.ActiveCfg = AppStore|iPhone
		{495F05B1-E18B-4966-864D-E0CB57A84DA7}.Debug|Any CPU.ActiveCfg = Debug|iPhone
		{495F05B1-E18B-4966-864D-E0CB57A84DA7}.Debug|ARM.ActiveCfg = Debug|iPhone
		{495F05B1-E18B-4966-864D-E0CB57A84DA7}.Debug|iPhone.ActiveCfg = Debug|iPhone
		{495F05B1-E18B-4966-864D-E0CB57A84DA7}.Debug|iPhone.Build.0 = Debug|iPhone
		{495F05B1-E18B-4966-864D-E0CB57A84DA7}.Debug|iPhoneSimulator.ActiveCfg = Debug|iPhoneSimulator
		{495F05B1-E18B-4966-864D-E0CB57A84DA7}.Debug|iPhoneSimulator.Build.0 = Debug|iPhoneSimulator
		{495F05B1-E18B-4966-864D-E0CB57A84DA7}.Debug|x64.ActiveCfg = Debug|iPhone
		{495F05B1-E18B-4966-864D-E0CB57A84DA7}.Debug|x86.ActiveCfg = Debug|iPhone
		{495F05B1-E18B-4966-864D-E0CB57A84DA7}.Release|Any CPU.ActiveCfg = Release|iPhone
		{495F05B1-E18B-4966-864D-E0CB57A84DA7}.Release|ARM.ActiveCfg = Release|iPhone
		{495F05B1-E18B-4966-864D-E0CB57A84DA7}.Release|iPhone.ActiveCfg = Release|iPhone
		{495F05B1-E18B-4966-864D-E0CB57A84DA7}.Release|iPhone.Build.0 = Release|iPhone
		{495F05B1-E18B-4966-864D-E0CB57A84DA7}.Release|iPhoneSimulator.ActiveCfg = Release|iPhoneSimulator
		{495F05B1-E18B-4966-864D-E0CB57A84DA7}.Release|iPhoneSimulator.Build.0 = Release|iPhoneSimulator
		{495F05B1-E18B-4966-864D-E0CB57A84DA7}.Release|x64.ActiveCfg = Release|iPhone
		{495F05B1-E18B-4966-864D-E0CB57A84DA7}.Release|x86.ActiveCfg = Release|iPhone
		{0D1482CB-7C4B-45E0-80E8-9CAD5F7C1FCD}.Ad-Hoc|Any CPU.ActiveCfg = Release|x86
		{0D1482CB-7C4B-45E0-80E8-9CAD5F7C1FCD}.Ad-Hoc|Any CPU.Build.0 = Release|x86
		{0D1482CB-7C4B-45E0-80E8-9CAD5F7C1FCD}.Ad-Hoc|Any CPU.Deploy.0 = Release|x86
		{0D1482CB-7C4B-45E0-80E8-9CAD5F7C1FCD}.Ad-Hoc|ARM.ActiveCfg = Release|ARM
		{0D1482CB-7C4B-45E0-80E8-9CAD5F7C1FCD}.Ad-Hoc|ARM.Build.0 = Release|ARM
		{0D1482CB-7C4B-45E0-80E8-9CAD5F7C1FCD}.Ad-Hoc|ARM.Deploy.0 = Release|ARM
		{0D1482CB-7C4B-45E0-80E8-9CAD5F7C1FCD}.Ad-Hoc|iPhone.ActiveCfg = Release|x86
		{0D1482CB-7C4B-45E0-80E8-9CAD5F7C1FCD}.Ad-Hoc|iPhone.Build.0 = Release|x86
		{0D1482CB-7C4B-45E0-80E8-9CAD5F7C1FCD}.Ad-Hoc|iPhone.Deploy.0 = Release|x86
		{0D1482CB-7C4B-45E0-80E8-9CAD5F7C1FCD}.Ad-Hoc|iPhoneSimulator.ActiveCfg = Release|x86
		{0D1482CB-7C4B-45E0-80E8-9CAD5F7C1FCD}.Ad-Hoc|iPhoneSimulator.Build.0 = Release|x86
		{0D1482CB-7C4B-45E0-80E8-9CAD5F7C1FCD}.Ad-Hoc|iPhoneSimulator.Deploy.0 = Release|x86
		{0D1482CB-7C4B-45E0-80E8-9CAD5F7C1FCD}.Ad-Hoc|x64.ActiveCfg = Release|x64
		{0D1482CB-7C4B-45E0-80E8-9CAD5F7C1FCD}.Ad-Hoc|x64.Build.0 = Release|x64
		{0D1482CB-7C4B-45E0-80E8-9CAD5F7C1FCD}.Ad-Hoc|x64.Deploy.0 = Release|x64
		{0D1482CB-7C4B-45E0-80E8-9CAD5F7C1FCD}.Ad-Hoc|x86.ActiveCfg = Release|x86
		{0D1482CB-7C4B-45E0-80E8-9CAD5F7C1FCD}.Ad-Hoc|x86.Build.0 = Release|x86
		{0D1482CB-7C4B-45E0-80E8-9CAD5F7C1FCD}.Ad-Hoc|x86.Deploy.0 = Release|x86
		{0D1482CB-7C4B-45E0-80E8-9CAD5F7C1FCD}.AppStore|Any CPU.ActiveCfg = Release|x86
		{0D1482CB-7C4B-45E0-80E8-9CAD5F7C1FCD}.AppStore|Any CPU.Build.0 = Release|x86
		{0D1482CB-7C4B-45E0-80E8-9CAD5F7C1FCD}.AppStore|Any CPU.Deploy.0 = Release|x86
		{0D1482CB-7C4B-45E0-80E8-9CAD5F7C1FCD}.AppStore|ARM.ActiveCfg = Release|ARM
		{0D1482CB-7C4B-45E0-80E8-9CAD5F7C1FCD}.AppStore|ARM.Build.0 = Release|ARM
		{0D1482CB-7C4B-45E0-80E8-9CAD5F7C1FCD}.AppStore|ARM.Deploy.0 = Release|ARM
		{0D1482CB-7C4B-45E0-80E8-9CAD5F7C1FCD}.AppStore|iPhone.ActiveCfg = Release|x86
		{0D1482CB-7C4B-45E0-80E8-9CAD5F7C1FCD}.AppStore|iPhone.Build.0 = Release|x86
		{0D1482CB-7C4B-45E0-80E8-9CAD5F7C1FCD}.AppStore|iPhone.Deploy.0 = Release|x86
		{0D1482CB-7C4B-45E0-80E8-9CAD5F7C1FCD}.AppStore|iPhoneSimulator.ActiveCfg = Release|x86
		{0D1482CB-7C4B-45E0-80E8-9CAD5F7C1FCD}.AppStore|iPhoneSimulator.Build.0 = Release|x86
		{0D1482CB-7C4B-45E0-80E8-9CAD5F7C1FCD}.AppStore|iPhoneSimulator.Deploy.0 = Release|x86
		{0D1482CB-7C4B-45E0-80E8-9CAD5F7C1FCD}.AppStore|x64.ActiveCfg = Release|x64
		{0D1482CB-7C4B-45E0-80E8-9CAD5F7C1FCD}.AppStore|x64.Build.0 = Release|x64
		{0D1482CB-7C4B-45E0-80E8-9CAD5F7C1FCD}.AppStore|x64.Deploy.0 = Release|x64
		{0D1482CB-7C4B-45E0-80E8-9CAD5F7C1FCD}.AppStore|x86.ActiveCfg = Release|x86
		{0D1482CB-7C4B-45E0-80E8-9CAD5F7C1FCD}.AppStore|x86.Build.0 = Release|x86
		{0D1482CB-7C4B-45E0-80E8-9CAD5F7C1FCD}.AppStore|x86.Deploy.0 = Release|x86
		{0D1482CB-7C4B-45E0-80E8-9CAD5F7C1FCD}.Debug|Any CPU.ActiveCfg = Debug|x86
		{0D1482CB-7C4B-45E0-80E8-9CAD5F7C1FCD}.Debug|ARM.ActiveCfg = Debug|ARM
		{0D1482CB-7C4B-45E0-80E8-9CAD5F7C1FCD}.Debug|ARM.Build.0 = Debug|ARM
		{0D1482CB-7C4B-45E0-80E8-9CAD5F7C1FCD}.Debug|ARM.Deploy.0 = Debug|ARM
		{0D1482CB-7C4B-45E0-80E8-9CAD5F7C1FCD}.Debug|iPhone.ActiveCfg = Debug|x86
		{0D1482CB-7C4B-45E0-80E8-9CAD5F7C1FCD}.Debug|iPhoneSimulator.ActiveCfg = Debug|x86
		{0D1482CB-7C4B-45E0-80E8-9CAD5F7C1FCD}.Debug|x64.ActiveCfg = Debug|x64
		{0D1482CB-7C4B-45E0-80E8-9CAD5F7C1FCD}.Debug|x64.Build.0 = Debug|x64
		{0D1482CB-7C4B-45E0-80E8-9CAD5F7C1FCD}.Debug|x64.Deploy.0 = Debug|x64
		{0D1482CB-7C4B-45E0-80E8-9CAD5F7C1FCD}.Debug|x86.ActiveCfg = Debug|x86
		{0D1482CB-7C4B-45E0-80E8-9CAD5F7C1FCD}.Debug|x86.Build.0 = Debug|x86
		{0D1482CB-7C4B-45E0-80E8-9CAD5F7C1FCD}.Debug|x86.Deploy.0 = Debug|x86
		{0D1482CB-7C4B-45E0-80E8-9CAD5F7C1FCD}.Release|Any CPU.ActiveCfg = Release|x86
		{0D1482CB-7C4B-45E0-80E8-9CAD5F7C1FCD}.Release|ARM.ActiveCfg = Release|ARM
		{0D1482CB-7C4B-45E0-80E8-9CAD5F7C1FCD}.Release|ARM.Build.0 = Release|ARM
		{0D1482CB-7C4B-45E0-80E8-9CAD5F7C1FCD}.Release|ARM.Deploy.0 = Release|ARM
		{0D1482CB-7C4B-45E0-80E8-9CAD5F7C1FCD}.Release|iPhone.ActiveCfg = Release|x86
		{0D1482CB-7C4B-45E0-80E8-9CAD5F7C1FCD}.Release|iPhoneSimulator.ActiveCfg = Release|x86
		{0D1482CB-7C4B-45E0-80E8-9CAD5F7C1FCD}.Release|x64.ActiveCfg = Release|x64
		{0D1482CB-7C4B-45E0-80E8-9CAD5F7C1FCD}.Release|x64.Build.0 = Release|x64
		{0D1482CB-7C4B-45E0-80E8-9CAD5F7C1FCD}.Release|x64.Deploy.0 = Release|x64
		{0D1482CB-7C4B-45E0-80E8-9CAD5F7C1FCD}.Release|x86.ActiveCfg = Release|x86
		{0D1482CB-7C4B-45E0-80E8-9CAD5F7C1FCD}.Release|x86.Build.0 = Release|x86
		{0D1482CB-7C4B-45E0-80E8-9CAD5F7C1FCD}.Release|x86.Deploy.0 = Release|x86
		{F4A21F15-3DFB-4CB3-B406-88A95EAA8141}.Ad-Hoc|Any CPU.ActiveCfg = Release|Any CPU
		{F4A21F15-3DFB-4CB3-B406-88A95EAA8141}.Ad-Hoc|Any CPU.Build.0 = Release|Any CPU
		{F4A21F15-3DFB-4CB3-B406-88A95EAA8141}.Ad-Hoc|ARM.ActiveCfg = Release|Any CPU
		{F4A21F15-3DFB-4CB3-B406-88A95EAA8141}.Ad-Hoc|ARM.Build.0 = Release|Any CPU
		{F4A21F15-3DFB-4CB3-B406-88A95EAA8141}.Ad-Hoc|iPhone.ActiveCfg = Release|Any CPU
		{F4A21F15-3DFB-4CB3-B406-88A95EAA8141}.Ad-Hoc|iPhone.Build.0 = Release|Any CPU
		{F4A21F15-3DFB-4CB3-B406-88A95EAA8141}.Ad-Hoc|iPhoneSimulator.ActiveCfg = Release|Any CPU
		{F4A21F15-3DFB-4CB3-B406-88A95EAA8141}.Ad-Hoc|iPhoneSimulator.Build.0 = Release|Any CPU
		{F4A21F15-3DFB-4CB3-B406-88A95EAA8141}.Ad-Hoc|x64.ActiveCfg = Release|Any CPU
		{F4A21F15-3DFB-4CB3-B406-88A95EAA8141}.Ad-Hoc|x64.Build.0 = Release|Any CPU
		{F4A21F15-3DFB-4CB3-B406-88A95EAA8141}.Ad-Hoc|x86.ActiveCfg = Release|Any CPU
		{F4A21F15-3DFB-4CB3-B406-88A95EAA8141}.Ad-Hoc|x86.Build.0 = Release|Any CPU
		{F4A21F15-3DFB-4CB3-B406-88A95EAA8141}.AppStore|Any CPU.ActiveCfg = Release|Any CPU
		{F4A21F15-3DFB-4CB3-B406-88A95EAA8141}.AppStore|Any CPU.Build.0 = Release|Any CPU
		{F4A21F15-3DFB-4CB3-B406-88A95EAA8141}.AppStore|ARM.ActiveCfg = Release|Any CPU
		{F4A21F15-3DFB-4CB3-B406-88A95EAA8141}.AppStore|ARM.Build.0 = Release|Any CPU
		{F4A21F15-3DFB-4CB3-B406-88A95EAA8141}.AppStore|iPhone.ActiveCfg = Release|Any CPU
		{F4A21F15-3DFB-4CB3-B406-88A95EAA8141}.AppStore|iPhone.Build.0 = Release|Any CPU
		{F4A21F15-3DFB-4CB3-B406-88A95EAA8141}.AppStore|iPhoneSimulator.ActiveCfg = Release|Any CPU
		{F4A21F15-3DFB-4CB3-B406-88A95EAA8141}.AppStore|iPhoneSimulator.Build.0 = Release|Any CPU
		{F4A21F15-3DFB-4CB3-B406-88A95EAA8141}.AppStore|x64.ActiveCfg = Release|Any CPU
		{F4A21F15-3DFB-4CB3-B406-88A95EAA8141}.AppStore|x64.Build.0 = Release|Any CPU
		{F4A21F15-3DFB-4CB3-B406-88A95EAA8141}.AppStore|x86.ActiveCfg = Release|Any CPU
		{F4A21F15-3DFB-4CB3-B406-88A95EAA8141}.AppStore|x86.Build.0 = Release|Any CPU
		{F4A21F15-3DFB-4CB3-B406-88A95EAA8141}.Debug|Any CPU.ActiveCfg = Debug|Any CPU
		{F4A21F15-3DFB-4CB3-B406-88A95EAA8141}.Debug|Any CPU.Build.0 = Debug|Any CPU
		{F4A21F15-3DFB-4CB3-B406-88A95EAA8141}.Debug|ARM.ActiveCfg = Debug|Any CPU
		{F4A21F15-3DFB-4CB3-B406-88A95EAA8141}.Debug|ARM.Build.0 = Debug|Any CPU
		{F4A21F15-3DFB-4CB3-B406-88A95EAA8141}.Debug|iPhone.ActiveCfg = Debug|Any CPU
		{F4A21F15-3DFB-4CB3-B406-88A95EAA8141}.Debug|iPhone.Build.0 = Debug|Any CPU
		{F4A21F15-3DFB-4CB3-B406-88A95EAA8141}.Debug|iPhoneSimulator.ActiveCfg = Debug|Any CPU
		{F4A21F15-3DFB-4CB3-B406-88A95EAA8141}.Debug|iPhoneSimulator.Build.0 = Debug|Any CPU
		{F4A21F15-3DFB-4CB3-B406-88A95EAA8141}.Debug|x64.ActiveCfg = Debug|Any CPU
		{F4A21F15-3DFB-4CB3-B406-88A95EAA8141}.Debug|x64.Build.0 = Debug|Any CPU
		{F4A21F15-3DFB-4CB3-B406-88A95EAA8141}.Debug|x86.ActiveCfg = Debug|Any CPU
		{F4A21F15-3DFB-4CB3-B406-88A95EAA8141}.Debug|x86.Build.0 = Debug|Any CPU
		{F4A21F15-3DFB-4CB3-B406-88A95EAA8141}.Release|Any CPU.ActiveCfg = Release|Any CPU
		{F4A21F15-3DFB-4CB3-B406-88A95EAA8141}.Release|Any CPU.Build.0 = Release|Any CPU
		{F4A21F15-3DFB-4CB3-B406-88A95EAA8141}.Release|ARM.ActiveCfg = Release|Any CPU
		{F4A21F15-3DFB-4CB3-B406-88A95EAA8141}.Release|ARM.Build.0 = Release|Any CPU
		{F4A21F15-3DFB-4CB3-B406-88A95EAA8141}.Release|iPhone.ActiveCfg = Release|Any CPU
		{F4A21F15-3DFB-4CB3-B406-88A95EAA8141}.Release|iPhone.Build.0 = Release|Any CPU
		{F4A21F15-3DFB-4CB3-B406-88A95EAA8141}.Release|iPhoneSimulator.ActiveCfg = Release|Any CPU
		{F4A21F15-3DFB-4CB3-B406-88A95EAA8141}.Release|iPhoneSimulator.Build.0 = Release|Any CPU
		{F4A21F15-3DFB-4CB3-B406-88A95EAA8141}.Release|x64.ActiveCfg = Release|Any CPU
		{F4A21F15-3DFB-4CB3-B406-88A95EAA8141}.Release|x64.Build.0 = Release|Any CPU
		{F4A21F15-3DFB-4CB3-B406-88A95EAA8141}.Release|x86.ActiveCfg = Release|Any CPU
		{F4A21F15-3DFB-4CB3-B406-88A95EAA8141}.Release|x86.Build.0 = Release|Any CPU
		{C7C77E17-36E7-410C-8AFE-00D30D132E4C}.Ad-Hoc|Any CPU.ActiveCfg = Release|Any CPU
		{C7C77E17-36E7-410C-8AFE-00D30D132E4C}.Ad-Hoc|Any CPU.Build.0 = Release|Any CPU
		{C7C77E17-36E7-410C-8AFE-00D30D132E4C}.Ad-Hoc|ARM.ActiveCfg = Release|Any CPU
		{C7C77E17-36E7-410C-8AFE-00D30D132E4C}.Ad-Hoc|ARM.Build.0 = Release|Any CPU
		{C7C77E17-36E7-410C-8AFE-00D30D132E4C}.Ad-Hoc|iPhone.ActiveCfg = Release|Any CPU
		{C7C77E17-36E7-410C-8AFE-00D30D132E4C}.Ad-Hoc|iPhone.Build.0 = Release|Any CPU
		{C7C77E17-36E7-410C-8AFE-00D30D132E4C}.Ad-Hoc|iPhoneSimulator.ActiveCfg = Release|Any CPU
		{C7C77E17-36E7-410C-8AFE-00D30D132E4C}.Ad-Hoc|iPhoneSimulator.Build.0 = Release|Any CPU
		{C7C77E17-36E7-410C-8AFE-00D30D132E4C}.Ad-Hoc|x64.ActiveCfg = Release|Any CPU
		{C7C77E17-36E7-410C-8AFE-00D30D132E4C}.Ad-Hoc|x64.Build.0 = Release|Any CPU
		{C7C77E17-36E7-410C-8AFE-00D30D132E4C}.Ad-Hoc|x86.ActiveCfg = Release|Any CPU
		{C7C77E17-36E7-410C-8AFE-00D30D132E4C}.Ad-Hoc|x86.Build.0 = Release|Any CPU
		{C7C77E17-36E7-410C-8AFE-00D30D132E4C}.AppStore|Any CPU.ActiveCfg = Release|Any CPU
		{C7C77E17-36E7-410C-8AFE-00D30D132E4C}.AppStore|Any CPU.Build.0 = Release|Any CPU
		{C7C77E17-36E7-410C-8AFE-00D30D132E4C}.AppStore|ARM.ActiveCfg = Release|Any CPU
		{C7C77E17-36E7-410C-8AFE-00D30D132E4C}.AppStore|ARM.Build.0 = Release|Any CPU
		{C7C77E17-36E7-410C-8AFE-00D30D132E4C}.AppStore|iPhone.ActiveCfg = Release|Any CPU
		{C7C77E17-36E7-410C-8AFE-00D30D132E4C}.AppStore|iPhone.Build.0 = Release|Any CPU
		{C7C77E17-36E7-410C-8AFE-00D30D132E4C}.AppStore|iPhoneSimulator.ActiveCfg = Release|Any CPU
		{C7C77E17-36E7-410C-8AFE-00D30D132E4C}.AppStore|iPhoneSimulator.Build.0 = Release|Any CPU
		{C7C77E17-36E7-410C-8AFE-00D30D132E4C}.AppStore|x64.ActiveCfg = Release|Any CPU
		{C7C77E17-36E7-410C-8AFE-00D30D132E4C}.AppStore|x64.Build.0 = Release|Any CPU
		{C7C77E17-36E7-410C-8AFE-00D30D132E4C}.AppStore|x86.ActiveCfg = Release|Any CPU
		{C7C77E17-36E7-410C-8AFE-00D30D132E4C}.AppStore|x86.Build.0 = Release|Any CPU
		{C7C77E17-36E7-410C-8AFE-00D30D132E4C}.Debug|Any CPU.ActiveCfg = Debug|Any CPU
		{C7C77E17-36E7-410C-8AFE-00D30D132E4C}.Debug|Any CPU.Build.0 = Debug|Any CPU
		{C7C77E17-36E7-410C-8AFE-00D30D132E4C}.Debug|ARM.ActiveCfg = Debug|Any CPU
		{C7C77E17-36E7-410C-8AFE-00D30D132E4C}.Debug|ARM.Build.0 = Debug|Any CPU
		{C7C77E17-36E7-410C-8AFE-00D30D132E4C}.Debug|iPhone.ActiveCfg = Debug|Any CPU
		{C7C77E17-36E7-410C-8AFE-00D30D132E4C}.Debug|iPhone.Build.0 = Debug|Any CPU
		{C7C77E17-36E7-410C-8AFE-00D30D132E4C}.Debug|iPhoneSimulator.ActiveCfg = Debug|Any CPU
		{C7C77E17-36E7-410C-8AFE-00D30D132E4C}.Debug|iPhoneSimulator.Build.0 = Debug|Any CPU
		{C7C77E17-36E7-410C-8AFE-00D30D132E4C}.Debug|x64.ActiveCfg = Debug|Any CPU
		{C7C77E17-36E7-410C-8AFE-00D30D132E4C}.Debug|x64.Build.0 = Debug|Any CPU
		{C7C77E17-36E7-410C-8AFE-00D30D132E4C}.Debug|x86.ActiveCfg = Debug|Any CPU
		{C7C77E17-36E7-410C-8AFE-00D30D132E4C}.Debug|x86.Build.0 = Debug|Any CPU
		{C7C77E17-36E7-410C-8AFE-00D30D132E4C}.Release|Any CPU.ActiveCfg = Release|Any CPU
		{C7C77E17-36E7-410C-8AFE-00D30D132E4C}.Release|Any CPU.Build.0 = Release|Any CPU
		{C7C77E17-36E7-410C-8AFE-00D30D132E4C}.Release|ARM.ActiveCfg = Release|Any CPU
		{C7C77E17-36E7-410C-8AFE-00D30D132E4C}.Release|ARM.Build.0 = Release|Any CPU
		{C7C77E17-36E7-410C-8AFE-00D30D132E4C}.Release|iPhone.ActiveCfg = Release|Any CPU
		{C7C77E17-36E7-410C-8AFE-00D30D132E4C}.Release|iPhone.Build.0 = Release|Any CPU
		{C7C77E17-36E7-410C-8AFE-00D30D132E4C}.Release|iPhoneSimulator.ActiveCfg = Release|Any CPU
		{C7C77E17-36E7-410C-8AFE-00D30D132E4C}.Release|iPhoneSimulator.Build.0 = Release|Any CPU
		{C7C77E17-36E7-410C-8AFE-00D30D132E4C}.Release|x64.ActiveCfg = Release|Any CPU
		{C7C77E17-36E7-410C-8AFE-00D30D132E4C}.Release|x64.Build.0 = Release|Any CPU
		{C7C77E17-36E7-410C-8AFE-00D30D132E4C}.Release|x86.ActiveCfg = Release|Any CPU
		{C7C77E17-36E7-410C-8AFE-00D30D132E4C}.Release|x86.Build.0 = Release|Any CPU
	EndGlobalSection
	GlobalSection(SolutionProperties) = preSolution
		HideSolutionNode = FALSE
	EndGlobalSection
	GlobalSection(NestedProjects) = preSolution
		{99892CAF-61E9-4EF9-A736-444234C695D8} = {AE5515C4-8262-49BE-9AC1-9AE669480548}
		{64AECABA-59AA-4D97-AA01-EB11DFD64919} = {AE5515C4-8262-49BE-9AC1-9AE669480548}
		{89FA7495-508B-450A-AE56-094C410222D4} = {AE5515C4-8262-49BE-9AC1-9AE669480548}
		{7FC639E6-FFC3-4457-B2A8-CE2F3FC82140} = {AE5515C4-8262-49BE-9AC1-9AE669480548}
		{41CFE29A-E1BA-40C0-8A52-A5CCD063D2A2} = {AE5515C4-8262-49BE-9AC1-9AE669480548}
		{C7C77E17-36E7-410C-8AFE-00D30D132E4C} = {AE5515C4-8262-49BE-9AC1-9AE669480548}
	EndGlobalSection
EndGlobal
