
Microsoft Visual Studio Solution File, Format Version 12.00
# Visual Studio 15
VisualStudioVersion = 15.0.26430.15
MinimumVisualStudioVersion = 10.0.40219.1
Project("{2150E333-8FDC-42A3-9474-1A3956D46DE8}") = "Solution Items", "Solution Items", "{4673FCF3-05A1-4424-AEC3-B9B823342CC9}"
	ProjectSection(SolutionItems) = preProject
		ISSUE_TEMPLATE = ISSUE_TEMPLATE
		LICENSE.md = LICENSE.md
		nuget.exe = nuget.exe
		push.cmd = push.cmd
		readme.md = readme.md
	EndProjectSection
EndProject
Project("{FAE04EC0-301F-11D3-BF4B-00C04F79EFBC}") = "Samples.Droid", "Samples\Samples.Droid\Samples.Droid.csproj", "{F7542E7F-BDEB-46A9-81B0-69A077A9C988}"
EndProject
Project("{FAE04EC0-301F-11D3-BF4B-00C04F79EFBC}") = "Samples.iOS", "Samples\Samples.iOS\Samples.iOS.csproj", "{495F05B1-E18B-4966-864D-E0CB57A84DA7}"
EndProject
Project("{FAE04EC0-301F-11D3-BF4B-00C04F79EFBC}") = "Samples.UWP", "Samples\Samples.UWP\Samples.UWP.csproj", "{0D1482CB-7C4B-45E0-80E8-9CAD5F7C1FCD}"
EndProject
Project("{9A19103F-16F7-4668-BE54-9A1E7A4F7556}") = "Plugin.SpeechRecognition", "Plugin.SpeechRecognition\Plugin.SpeechRecognition.csproj", "{01B5CFBC-1341-43F7-BABB-C18FE39053B8}"
EndProject
Project("{9A19103F-16F7-4668-BE54-9A1E7A4F7556}") = "Samples.Core", "Samples.Core\Samples.Core.csproj", "{590B9D16-853A-47CE-8864-D4AFD558817E}"
EndProject
Project("{9A19103F-16F7-4668-BE54-9A1E7A4F7556}") = "Plugin.SpeechDialogs", "Plugin.SpeechDialogs\Plugin.SpeechDialogs.csproj", "{BC042610-FD46-4B2F-A5DC-7E9660428029}"
EndProject
Global
	GlobalSection(SolutionConfigurationPlatforms) = preSolution
		Ad-Hoc|Any CPU = Ad-Hoc|Any CPU
		Ad-Hoc|ARM = Ad-Hoc|ARM
		Ad-Hoc|iPhone = Ad-Hoc|iPhone
		Ad-Hoc|iPhoneSimulator = Ad-Hoc|iPhoneSimulator
		Ad-Hoc|x64 = Ad-Hoc|x64
		Ad-Hoc|x86 = Ad-Hoc|x86
		AppStore|Any CPU = AppStore|Any CPU
		AppStore|ARM = AppStore|ARM
		AppStore|iPhone = AppStore|iPhone
		AppStore|iPhoneSimulator = AppStore|iPhoneSimulator
		AppStore|x64 = AppStore|x64
		AppStore|x86 = AppStore|x86
		Debug|Any CPU = Debug|Any CPU
		Debug|ARM = Debug|ARM
		Debug|iPhone = Debug|iPhone
		Debug|iPhoneSimulator = Debug|iPhoneSimulator
		Debug|x64 = Debug|x64
		Debug|x86 = Debug|x86
		Release|Any CPU = Release|Any CPU
		Release|ARM = Release|ARM
		Release|iPhone = Release|iPhone
		Release|iPhoneSimulator = Release|iPhoneSimulator
		Release|x64 = Release|x64
		Release|x86 = Release|x86
	EndGlobalSection
	GlobalSection(ProjectConfigurationPlatforms) = postSolution
		{F7542E7F-BDEB-46A9-81B0-69A077A9C988}.Ad-Hoc|Any CPU.ActiveCfg = Release|Any CPU
		{F7542E7F-BDEB-46A9-81B0-69A077A9C988}.Ad-Hoc|Any CPU.Build.0 = Release|Any CPU
		{F7542E7F-BDEB-46A9-81B0-69A077A9C988}.Ad-Hoc|Any CPU.Deploy.0 = Release|Any CPU
		{F7542E7F-BDEB-46A9-81B0-69A077A9C988}.Ad-Hoc|ARM.ActiveCfg = Release|Any CPU
		{F7542E7F-BDEB-46A9-81B0-69A077A9C988}.Ad-Hoc|ARM.Build.0 = Release|Any CPU
		{F7542E7F-BDEB-46A9-81B0-69A077A9C988}.Ad-Hoc|ARM.Deploy.0 = Release|Any CPU
		{F7542E7F-BDEB-46A9-81B0-69A077A9C988}.Ad-Hoc|iPhone.ActiveCfg = Release|Any CPU
		{F7542E7F-BDEB-46A9-81B0-69A077A9C988}.Ad-Hoc|iPhone.Build.0 = Release|Any CPU
		{F7542E7F-BDEB-46A9-81B0-69A077A9C988}.Ad-Hoc|iPhone.Deploy.0 = Release|Any CPU
		{F7542E7F-BDEB-46A9-81B0-69A077A9C988}.Ad-Hoc|iPhoneSimulator.ActiveCfg = Release|Any CPU
		{F7542E7F-BDEB-46A9-81B0-69A077A9C988}.Ad-Hoc|iPhoneSimulator.Build.0 = Release|Any CPU
		{F7542E7F-BDEB-46A9-81B0-69A077A9C988}.Ad-Hoc|iPhoneSimulator.Deploy.0 = Release|Any CPU
		{F7542E7F-BDEB-46A9-81B0-69A077A9C988}.Ad-Hoc|x64.ActiveCfg = Release|Any CPU
		{F7542E7F-BDEB-46A9-81B0-69A077A9C988}.Ad-Hoc|x64.Build.0 = Release|Any CPU
		{F7542E7F-BDEB-46A9-81B0-69A077A9C988}.Ad-Hoc|x64.Deploy.0 = Release|Any CPU
		{F7542E7F-BDEB-46A9-81B0-69A077A9C988}.Ad-Hoc|x86.ActiveCfg = Release|Any CPU
		{F7542E7F-BDEB-46A9-81B0-69A077A9C988}.Ad-Hoc|x86.Build.0 = Release|Any CPU
		{F7542E7F-BDEB-46A9-81B0-69A077A9C988}.Ad-Hoc|x86.Deploy.0 = Release|Any CPU
		{F7542E7F-BDEB-46A9-81B0-69A077A9C988}.AppStore|Any CPU.ActiveCfg = Release|Any CPU
		{F7542E7F-BDEB-46A9-81B0-69A077A9C988}.AppStore|Any CPU.Build.0 = Release|Any CPU
		{F7542E7F-BDEB-46A9-81B0-69A077A9C988}.AppStore|Any CPU.Deploy.0 = Release|Any CPU
		{F7542E7F-BDEB-46A9-81B0-69A077A9C988}.AppStore|ARM.ActiveCfg = Release|Any CPU
		{F7542E7F-BDEB-46A9-81B0-69A077A9C988}.AppStore|ARM.Build.0 = Release|Any CPU
		{F7542E7F-BDEB-46A9-81B0-69A077A9C988}.AppStore|ARM.Deploy.0 = Release|Any CPU
		{F7542E7F-BDEB-46A9-81B0-69A077A9C988}.AppStore|iPhone.ActiveCfg = Release|Any CPU
		{F7542E7F-BDEB-46A9-81B0-69A077A9C988}.AppStore|iPhone.Build.0 = Release|Any CPU
		{F7542E7F-BDEB-46A9-81B0-69A077A9C988}.AppStore|iPhone.Deploy.0 = Release|Any CPU
		{F7542E7F-BDEB-46A9-81B0-69A077A9C988}.AppStore|iPhoneSimulator.ActiveCfg = Release|Any CPU
		{F7542E7F-BDEB-46A9-81B0-69A077A9C988}.AppStore|iPhoneSimulator.Build.0 = Release|Any CPU
		{F7542E7F-BDEB-46A9-81B0-69A077A9C988}.AppStore|iPhoneSimulator.Deploy.0 = Release|Any CPU
		{F7542E7F-BDEB-46A9-81B0-69A077A9C988}.AppStore|x64.ActiveCfg = Release|Any CPU
		{F7542E7F-BDEB-46A9-81B0-69A077A9C988}.AppStore|x64.Build.0 = Release|Any CPU
		{F7542E7F-BDEB-46A9-81B0-69A077A9C988}.AppStore|x64.Deploy.0 = Release|Any CPU
		{F7542E7F-BDEB-46A9-81B0-69A077A9C988}.AppStore|x86.ActiveCfg = Release|Any CPU
		{F7542E7F-BDEB-46A9-81B0-69A077A9C988}.AppStore|x86.Build.0 = Release|Any CPU
		{F7542E7F-BDEB-46A9-81B0-69A077A9C988}.AppStore|x86.Deploy.0 = Release|Any CPU
		{F7542E7F-BDEB-46A9-81B0-69A077A9C988}.Debug|Any CPU.ActiveCfg = Debug|Any CPU
		{F7542E7F-BDEB-46A9-81B0-69A077A9C988}.Debug|Any CPU.Build.0 = Debug|Any CPU
		{F7542E7F-BDEB-46A9-81B0-69A077A9C988}.Debug|Any CPU.Deploy.0 = Debug|Any CPU
		{F7542E7F-BDEB-46A9-81B0-69A077A9C988}.Debug|ARM.ActiveCfg = Debug|Any CPU
		{F7542E7F-BDEB-46A9-81B0-69A077A9C988}.Debug|ARM.Build.0 = Debug|Any CPU
		{F7542E7F-BDEB-46A9-81B0-69A077A9C988}.Debug|ARM.Deploy.0 = Debug|Any CPU
		{F7542E7F-BDEB-46A9-81B0-69A077A9C988}.Debug|iPhone.ActiveCfg = Debug|Any CPU
		{F7542E7F-BDEB-46A9-81B0-69A077A9C988}.Debug|iPhone.Build.0 = Debug|Any CPU
		{F7542E7F-BDEB-46A9-81B0-69A077A9C988}.Debug|iPhone.Deploy.0 = Debug|Any CPU
		{F7542E7F-BDEB-46A9-81B0-69A077A9C988}.Debug|iPhoneSimulator.ActiveCfg = Debug|Any CPU
		{F7542E7F-BDEB-46A9-81B0-69A077A9C988}.Debug|iPhoneSimulator.Build.0 = Debug|Any CPU
		{F7542E7F-BDEB-46A9-81B0-69A077A9C988}.Debug|iPhoneSimulator.Deploy.0 = Debug|Any CPU
		{F7542E7F-BDEB-46A9-81B0-69A077A9C988}.Debug|x64.ActiveCfg = Debug|Any CPU
		{F7542E7F-BDEB-46A9-81B0-69A077A9C988}.Debug|x64.Build.0 = Debug|Any CPU
		{F7542E7F-BDEB-46A9-81B0-69A077A9C988}.Debug|x64.Deploy.0 = Debug|Any CPU
		{F7542E7F-BDEB-46A9-81B0-69A077A9C988}.Debug|x86.ActiveCfg = Debug|Any CPU
		{F7542E7F-BDEB-46A9-81B0-69A077A9C988}.Debug|x86.Build.0 = Debug|Any CPU
		{F7542E7F-BDEB-46A9-81B0-69A077A9C988}.Debug|x86.Deploy.0 = Debug|Any CPU
		{F7542E7F-BDEB-46A9-81B0-69A077A9C988}.Release|Any CPU.ActiveCfg = Release|Any CPU
		{F7542E7F-BDEB-46A9-81B0-69A077A9C988}.Release|Any CPU.Build.0 = Release|Any CPU
		{F7542E7F-BDEB-46A9-81B0-69A077A9C988}.Release|Any CPU.Deploy.0 = Release|Any CPU
		{F7542E7F-BDEB-46A9-81B0-69A077A9C988}.Release|ARM.ActiveCfg = Release|Any CPU
		{F7542E7F-BDEB-46A9-81B0-69A077A9C988}.Release|ARM.Build.0 = Release|Any CPU
		{F7542E7F-BDEB-46A9-81B0-69A077A9C988}.Release|ARM.Deploy.0 = Release|Any CPU
		{F7542E7F-BDEB-46A9-81B0-69A077A9C988}.Release|iPhone.ActiveCfg = Release|Any CPU
		{F7542E7F-BDEB-46A9-81B0-69A077A9C988}.Release|iPhone.Build.0 = Release|Any CPU
		{F7542E7F-BDEB-46A9-81B0-69A077A9C988}.Release|iPhone.Deploy.0 = Release|Any CPU
		{F7542E7F-BDEB-46A9-81B0-69A077A9C988}.Release|iPhoneSimulator.ActiveCfg = Release|Any CPU
		{F7542E7F-BDEB-46A9-81B0-69A077A9C988}.Release|iPhoneSimulator.Build.0 = Release|Any CPU
		{F7542E7F-BDEB-46A9-81B0-69A077A9C988}.Release|iPhoneSimulator.Deploy.0 = Release|Any CPU
		{F7542E7F-BDEB-46A9-81B0-69A077A9C988}.Release|x64.ActiveCfg = Release|Any CPU
		{F7542E7F-BDEB-46A9-81B0-69A077A9C988}.Release|x64.Build.0 = Release|Any CPU
		{F7542E7F-BDEB-46A9-81B0-69A077A9C988}.Release|x64.Deploy.0 = Release|Any CPU
		{F7542E7F-BDEB-46A9-81B0-69A077A9C988}.Release|x86.ActiveCfg = Release|Any CPU
		{F7542E7F-BDEB-46A9-81B0-69A077A9C988}.Release|x86.Build.0 = Release|Any CPU
		{F7542E7F-BDEB-46A9-81B0-69A077A9C988}.Release|x86.Deploy.0 = Release|Any CPU
		{495F05B1-E18B-4966-864D-E0CB57A84DA7}.Ad-Hoc|Any CPU.ActiveCfg = Ad-Hoc|iPhone
		{495F05B1-E18B-4966-864D-E0CB57A84DA7}.Ad-Hoc|ARM.ActiveCfg = Ad-Hoc|iPhone
		{495F05B1-E18B-4966-864D-E0CB57A84DA7}.Ad-Hoc|iPhone.ActiveCfg = Ad-Hoc|iPhone
		{495F05B1-E18B-4966-864D-E0CB57A84DA7}.Ad-Hoc|iPhone.Build.0 = Ad-Hoc|iPhone
		{495F05B1-E18B-4966-864D-E0CB57A84DA7}.Ad-Hoc|iPhoneSimulator.ActiveCfg = Ad-Hoc|iPhoneSimulator
		{495F05B1-E18B-4966-864D-E0CB57A84DA7}.Ad-Hoc|iPhoneSimulator.Build.0 = Ad-Hoc|iPhoneSimulator
		{495F05B1-E18B-4966-864D-E0CB57A84DA7}.Ad-Hoc|x64.ActiveCfg = Ad-Hoc|iPhone
		{495F05B1-E18B-4966-864D-E0CB57A84DA7}.Ad-Hoc|x86.ActiveCfg = Ad-Hoc|iPhone
		{495F05B1-E18B-4966-864D-E0CB57A84DA7}.AppStore|Any CPU.ActiveCfg = AppStore|iPhone
		{495F05B1-E18B-4966-864D-E0CB57A84DA7}.AppStore|ARM.ActiveCfg = AppStore|iPhone
		{495F05B1-E18B-4966-864D-E0CB57A84DA7}.AppStore|iPhone.ActiveCfg = AppStore|iPhone
		{495F05B1-E18B-4966-864D-E0CB57A84DA7}.AppStore|iPhone.Build.0 = AppStore|iPhone
		{495F05B1-E18B-4966-864D-E0CB57A84DA7}.AppStore|iPhoneSimulator.ActiveCfg = AppStore|iPhoneSimulator
		{495F05B1-E18B-4966-864D-E0CB57A84DA7}.AppStore|iPhoneSimulator.Build.0 = AppStore|iPhoneSimulator
		{495F05B1-E18B-4966-864D-E0CB57A84DA7}.AppStore|x64.ActiveCfg = AppStore|iPhone
		{495F05B1-E18B-4966-864D-E0CB57A84DA7}.AppStore|x86.ActiveCfg = AppStore|iPhone
		{495F05B1-E18B-4966-864D-E0CB57A84DA7}.Debug|Any CPU.ActiveCfg = Debug|iPhone
		{495F05B1-E18B-4966-864D-E0CB57A84DA7}.Debug|ARM.ActiveCfg = Debug|iPhone
		{495F05B1-E18B-4966-864D-E0CB57A84DA7}.Debug|iPhone.ActiveCfg = Debug|iPhone
		{495F05B1-E18B-4966-864D-E0CB57A84DA7}.Debug|iPhone.Build.0 = Debug|iPhone
		{495F05B1-E18B-4966-864D-E0CB57A84DA7}.Debug|iPhoneSimulator.ActiveCfg = Debug|iPhoneSimulator
		{495F05B1-E18B-4966-864D-E0CB57A84DA7}.Debug|iPhoneSimulator.Build.0 = Debug|iPhoneSimulator
		{495F05B1-E18B-4966-864D-E0CB57A84DA7}.Debug|x64.ActiveCfg = Debug|iPhone
		{495F05B1-E18B-4966-864D-E0CB57A84DA7}.Debug|x86.ActiveCfg = Debug|iPhone
		{495F05B1-E18B-4966-864D-E0CB57A84DA7}.Release|Any CPU.ActiveCfg = Release|iPhone
		{495F05B1-E18B-4966-864D-E0CB57A84DA7}.Release|ARM.ActiveCfg = Release|iPhone
		{495F05B1-E18B-4966-864D-E0CB57A84DA7}.Release|iPhone.ActiveCfg = Release|iPhone
		{495F05B1-E18B-4966-864D-E0CB57A84DA7}.Release|iPhone.Build.0 = Release|iPhone
		{495F05B1-E18B-4966-864D-E0CB57A84DA7}.Release|iPhoneSimulator.ActiveCfg = Release|iPhoneSimulator
		{495F05B1-E18B-4966-864D-E0CB57A84DA7}.Release|iPhoneSimulator.Build.0 = Release|iPhoneSimulator
		{495F05B1-E18B-4966-864D-E0CB57A84DA7}.Release|x64.ActiveCfg = Release|iPhone
		{495F05B1-E18B-4966-864D-E0CB57A84DA7}.Release|x86.ActiveCfg = Release|iPhone
		{0D1482CB-7C4B-45E0-80E8-9CAD5F7C1FCD}.Ad-Hoc|Any CPU.ActiveCfg = Release|x86
		{0D1482CB-7C4B-45E0-80E8-9CAD5F7C1FCD}.Ad-Hoc|Any CPU.Build.0 = Release|x86
		{0D1482CB-7C4B-45E0-80E8-9CAD5F7C1FCD}.Ad-Hoc|Any CPU.Deploy.0 = Release|x86
		{0D1482CB-7C4B-45E0-80E8-9CAD5F7C1FCD}.Ad-Hoc|ARM.ActiveCfg = Release|ARM
		{0D1482CB-7C4B-45E0-80E8-9CAD5F7C1FCD}.Ad-Hoc|ARM.Build.0 = Release|ARM
		{0D1482CB-7C4B-45E0-80E8-9CAD5F7C1FCD}.Ad-Hoc|ARM.Deploy.0 = Release|ARM
		{0D1482CB-7C4B-45E0-80E8-9CAD5F7C1FCD}.Ad-Hoc|iPhone.ActiveCfg = Release|x86
		{0D1482CB-7C4B-45E0-80E8-9CAD5F7C1FCD}.Ad-Hoc|iPhone.Build.0 = Release|x86
		{0D1482CB-7C4B-45E0-80E8-9CAD5F7C1FCD}.Ad-Hoc|iPhone.Deploy.0 = Release|x86
		{0D1482CB-7C4B-45E0-80E8-9CAD5F7C1FCD}.Ad-Hoc|iPhoneSimulator.ActiveCfg = Release|x86
		{0D1482CB-7C4B-45E0-80E8-9CAD5F7C1FCD}.Ad-Hoc|iPhoneSimulator.Build.0 = Release|x86
		{0D1482CB-7C4B-45E0-80E8-9CAD5F7C1FCD}.Ad-Hoc|iPhoneSimulator.Deploy.0 = Release|x86
		{0D1482CB-7C4B-45E0-80E8-9CAD5F7C1FCD}.Ad-Hoc|x64.ActiveCfg = Release|x64
		{0D1482CB-7C4B-45E0-80E8-9CAD5F7C1FCD}.Ad-Hoc|x64.Build.0 = Release|x64
		{0D1482CB-7C4B-45E0-80E8-9CAD5F7C1FCD}.Ad-Hoc|x64.Deploy.0 = Release|x64
		{0D1482CB-7C4B-45E0-80E8-9CAD5F7C1FCD}.Ad-Hoc|x86.ActiveCfg = Release|x86
		{0D1482CB-7C4B-45E0-80E8-9CAD5F7C1FCD}.Ad-Hoc|x86.Build.0 = Release|x86
		{0D1482CB-7C4B-45E0-80E8-9CAD5F7C1FCD}.Ad-Hoc|x86.Deploy.0 = Release|x86
		{0D1482CB-7C4B-45E0-80E8-9CAD5F7C1FCD}.AppStore|Any CPU.ActiveCfg = Release|x86
		{0D1482CB-7C4B-45E0-80E8-9CAD5F7C1FCD}.AppStore|Any CPU.Build.0 = Release|x86
		{0D1482CB-7C4B-45E0-80E8-9CAD5F7C1FCD}.AppStore|Any CPU.Deploy.0 = Release|x86
		{0D1482CB-7C4B-45E0-80E8-9CAD5F7C1FCD}.AppStore|ARM.ActiveCfg = Release|ARM
		{0D1482CB-7C4B-45E0-80E8-9CAD5F7C1FCD}.AppStore|ARM.Build.0 = Release|ARM
		{0D1482CB-7C4B-45E0-80E8-9CAD5F7C1FCD}.AppStore|ARM.Deploy.0 = Release|ARM
		{0D1482CB-7C4B-45E0-80E8-9CAD5F7C1FCD}.AppStore|iPhone.ActiveCfg = Release|x86
		{0D1482CB-7C4B-45E0-80E8-9CAD5F7C1FCD}.AppStore|iPhone.Build.0 = Release|x86
		{0D1482CB-7C4B-45E0-80E8-9CAD5F7C1FCD}.AppStore|iPhone.Deploy.0 = Release|x86
		{0D1482CB-7C4B-45E0-80E8-9CAD5F7C1FCD}.AppStore|iPhoneSimulator.ActiveCfg = Release|x86
		{0D1482CB-7C4B-45E0-80E8-9CAD5F7C1FCD}.AppStore|iPhoneSimulator.Build.0 = Release|x86
		{0D1482CB-7C4B-45E0-80E8-9CAD5F7C1FCD}.AppStore|iPhoneSimulator.Deploy.0 = Release|x86
		{0D1482CB-7C4B-45E0-80E8-9CAD5F7C1FCD}.AppStore|x64.ActiveCfg = Release|x64
		{0D1482CB-7C4B-45E0-80E8-9CAD5F7C1FCD}.AppStore|x64.Build.0 = Release|x64
		{0D1482CB-7C4B-45E0-80E8-9CAD5F7C1FCD}.AppStore|x64.Deploy.0 = Release|x64
		{0D1482CB-7C4B-45E0-80E8-9CAD5F7C1FCD}.AppStore|x86.ActiveCfg = Release|x86
		{0D1482CB-7C4B-45E0-80E8-9CAD5F7C1FCD}.AppStore|x86.Build.0 = Release|x86
		{0D1482CB-7C4B-45E0-80E8-9CAD5F7C1FCD}.AppStore|x86.Deploy.0 = Release|x86
		{0D1482CB-7C4B-45E0-80E8-9CAD5F7C1FCD}.Debug|Any CPU.ActiveCfg = Debug|x86
		{0D1482CB-7C4B-45E0-80E8-9CAD5F7C1FCD}.Debug|ARM.ActiveCfg = Debug|ARM
		{0D1482CB-7C4B-45E0-80E8-9CAD5F7C1FCD}.Debug|ARM.Build.0 = Debug|ARM
		{0D1482CB-7C4B-45E0-80E8-9CAD5F7C1FCD}.Debug|ARM.Deploy.0 = Debug|ARM
		{0D1482CB-7C4B-45E0-80E8-9CAD5F7C1FCD}.Debug|iPhone.ActiveCfg = Debug|x86
		{0D1482CB-7C4B-45E0-80E8-9CAD5F7C1FCD}.Debug|iPhoneSimulator.ActiveCfg = Debug|x86
		{0D1482CB-7C4B-45E0-80E8-9CAD5F7C1FCD}.Debug|x64.ActiveCfg = Debug|x64
		{0D1482CB-7C4B-45E0-80E8-9CAD5F7C1FCD}.Debug|x64.Build.0 = Debug|x64
		{0D1482CB-7C4B-45E0-80E8-9CAD5F7C1FCD}.Debug|x64.Deploy.0 = Debug|x64
		{0D1482CB-7C4B-45E0-80E8-9CAD5F7C1FCD}.Debug|x86.ActiveCfg = Debug|x86
		{0D1482CB-7C4B-45E0-80E8-9CAD5F7C1FCD}.Debug|x86.Build.0 = Debug|x86
		{0D1482CB-7C4B-45E0-80E8-9CAD5F7C1FCD}.Debug|x86.Deploy.0 = Debug|x86
		{0D1482CB-7C4B-45E0-80E8-9CAD5F7C1FCD}.Release|Any CPU.ActiveCfg = Release|x86
		{0D1482CB-7C4B-45E0-80E8-9CAD5F7C1FCD}.Release|ARM.ActiveCfg = Release|ARM
		{0D1482CB-7C4B-45E0-80E8-9CAD5F7C1FCD}.Release|ARM.Build.0 = Release|ARM
		{0D1482CB-7C4B-45E0-80E8-9CAD5F7C1FCD}.Release|ARM.Deploy.0 = Release|ARM
		{0D1482CB-7C4B-45E0-80E8-9CAD5F7C1FCD}.Release|iPhone.ActiveCfg = Release|x86
		{0D1482CB-7C4B-45E0-80E8-9CAD5F7C1FCD}.Release|iPhoneSimulator.ActiveCfg = Release|x86
		{0D1482CB-7C4B-45E0-80E8-9CAD5F7C1FCD}.Release|x64.ActiveCfg = Release|x64
		{0D1482CB-7C4B-45E0-80E8-9CAD5F7C1FCD}.Release|x64.Build.0 = Release|x64
		{0D1482CB-7C4B-45E0-80E8-9CAD5F7C1FCD}.Release|x64.Deploy.0 = Release|x64
		{0D1482CB-7C4B-45E0-80E8-9CAD5F7C1FCD}.Release|x86.ActiveCfg = Release|x86
		{0D1482CB-7C4B-45E0-80E8-9CAD5F7C1FCD}.Release|x86.Build.0 = Release|x86
		{0D1482CB-7C4B-45E0-80E8-9CAD5F7C1FCD}.Release|x86.Deploy.0 = Release|x86
		{01B5CFBC-1341-43F7-BABB-C18FE39053B8}.Ad-Hoc|Any CPU.ActiveCfg = Debug|Any CPU
		{01B5CFBC-1341-43F7-BABB-C18FE39053B8}.Ad-Hoc|Any CPU.Build.0 = Debug|Any CPU
		{01B5CFBC-1341-43F7-BABB-C18FE39053B8}.Ad-Hoc|ARM.ActiveCfg = Debug|Any CPU
		{01B5CFBC-1341-43F7-BABB-C18FE39053B8}.Ad-Hoc|ARM.Build.0 = Debug|Any CPU
		{01B5CFBC-1341-43F7-BABB-C18FE39053B8}.Ad-Hoc|iPhone.ActiveCfg = Debug|Any CPU
		{01B5CFBC-1341-43F7-BABB-C18FE39053B8}.Ad-Hoc|iPhone.Build.0 = Debug|Any CPU
		{01B5CFBC-1341-43F7-BABB-C18FE39053B8}.Ad-Hoc|iPhoneSimulator.ActiveCfg = Debug|Any CPU
		{01B5CFBC-1341-43F7-BABB-C18FE39053B8}.Ad-Hoc|iPhoneSimulator.Build.0 = Debug|Any CPU
		{01B5CFBC-1341-43F7-BABB-C18FE39053B8}.Ad-Hoc|x64.ActiveCfg = Debug|Any CPU
		{01B5CFBC-1341-43F7-BABB-C18FE39053B8}.Ad-Hoc|x64.Build.0 = Debug|Any CPU
		{01B5CFBC-1341-43F7-BABB-C18FE39053B8}.Ad-Hoc|x86.ActiveCfg = Debug|Any CPU
		{01B5CFBC-1341-43F7-BABB-C18FE39053B8}.Ad-Hoc|x86.Build.0 = Debug|Any CPU
		{01B5CFBC-1341-43F7-BABB-C18FE39053B8}.AppStore|Any CPU.ActiveCfg = Debug|Any CPU
		{01B5CFBC-1341-43F7-BABB-C18FE39053B8}.AppStore|Any CPU.Build.0 = Debug|Any CPU
		{01B5CFBC-1341-43F7-BABB-C18FE39053B8}.AppStore|ARM.ActiveCfg = Debug|Any CPU
		{01B5CFBC-1341-43F7-BABB-C18FE39053B8}.AppStore|ARM.Build.0 = Debug|Any CPU
		{01B5CFBC-1341-43F7-BABB-C18FE39053B8}.AppStore|iPhone.ActiveCfg = Debug|Any CPU
		{01B5CFBC-1341-43F7-BABB-C18FE39053B8}.AppStore|iPhone.Build.0 = Debug|Any CPU
		{01B5CFBC-1341-43F7-BABB-C18FE39053B8}.AppStore|iPhoneSimulator.ActiveCfg = Debug|Any CPU
		{01B5CFBC-1341-43F7-BABB-C18FE39053B8}.AppStore|iPhoneSimulator.Build.0 = Debug|Any CPU
		{01B5CFBC-1341-43F7-BABB-C18FE39053B8}.AppStore|x64.ActiveCfg = Debug|Any CPU
		{01B5CFBC-1341-43F7-BABB-C18FE39053B8}.AppStore|x64.Build.0 = Debug|Any CPU
		{01B5CFBC-1341-43F7-BABB-C18FE39053B8}.AppStore|x86.ActiveCfg = Debug|Any CPU
		{01B5CFBC-1341-43F7-BABB-C18FE39053B8}.AppStore|x86.Build.0 = Debug|Any CPU
		{01B5CFBC-1341-43F7-BABB-C18FE39053B8}.Debug|Any CPU.ActiveCfg = Debug|Any CPU
		{01B5CFBC-1341-43F7-BABB-C18FE39053B8}.Debug|Any CPU.Build.0 = Debug|Any CPU
		{01B5CFBC-1341-43F7-BABB-C18FE39053B8}.Debug|ARM.ActiveCfg = Debug|Any CPU
		{01B5CFBC-1341-43F7-BABB-C18FE39053B8}.Debug|ARM.Build.0 = Debug|Any CPU
		{01B5CFBC-1341-43F7-BABB-C18FE39053B8}.Debug|iPhone.ActiveCfg = Debug|Any CPU
		{01B5CFBC-1341-43F7-BABB-C18FE39053B8}.Debug|iPhone.Build.0 = Debug|Any CPU
		{01B5CFBC-1341-43F7-BABB-C18FE39053B8}.Debug|iPhoneSimulator.ActiveCfg = Debug|Any CPU
		{01B5CFBC-1341-43F7-BABB-C18FE39053B8}.Debug|iPhoneSimulator.Build.0 = Debug|Any CPU
		{01B5CFBC-1341-43F7-BABB-C18FE39053B8}.Debug|x64.ActiveCfg = Debug|Any CPU
		{01B5CFBC-1341-43F7-BABB-C18FE39053B8}.Debug|x64.Build.0 = Debug|Any CPU
		{01B5CFBC-1341-43F7-BABB-C18FE39053B8}.Debug|x86.ActiveCfg = Debug|Any CPU
		{01B5CFBC-1341-43F7-BABB-C18FE39053B8}.Debug|x86.Build.0 = Debug|Any CPU
		{01B5CFBC-1341-43F7-BABB-C18FE39053B8}.Release|Any CPU.ActiveCfg = Release|Any CPU
		{01B5CFBC-1341-43F7-BABB-C18FE39053B8}.Release|Any CPU.Build.0 = Release|Any CPU
		{01B5CFBC-1341-43F7-BABB-C18FE39053B8}.Release|ARM.ActiveCfg = Release|Any CPU
		{01B5CFBC-1341-43F7-BABB-C18FE39053B8}.Release|ARM.Build.0 = Release|Any CPU
		{01B5CFBC-1341-43F7-BABB-C18FE39053B8}.Release|iPhone.ActiveCfg = Release|Any CPU
		{01B5CFBC-1341-43F7-BABB-C18FE39053B8}.Release|iPhone.Build.0 = Release|Any CPU
		{01B5CFBC-1341-43F7-BABB-C18FE39053B8}.Release|iPhoneSimulator.ActiveCfg = Release|Any CPU
		{01B5CFBC-1341-43F7-BABB-C18FE39053B8}.Release|iPhoneSimulator.Build.0 = Release|Any CPU
		{01B5CFBC-1341-43F7-BABB-C18FE39053B8}.Release|x64.ActiveCfg = Release|Any CPU
		{01B5CFBC-1341-43F7-BABB-C18FE39053B8}.Release|x64.Build.0 = Release|Any CPU
		{01B5CFBC-1341-43F7-BABB-C18FE39053B8}.Release|x86.ActiveCfg = Release|Any CPU
		{01B5CFBC-1341-43F7-BABB-C18FE39053B8}.Release|x86.Build.0 = Release|Any CPU
		{590B9D16-853A-47CE-8864-D4AFD558817E}.Ad-Hoc|Any CPU.ActiveCfg = Debug|Any CPU
		{590B9D16-853A-47CE-8864-D4AFD558817E}.Ad-Hoc|Any CPU.Build.0 = Debug|Any CPU
		{590B9D16-853A-47CE-8864-D4AFD558817E}.Ad-Hoc|ARM.ActiveCfg = Debug|Any CPU
		{590B9D16-853A-47CE-8864-D4AFD558817E}.Ad-Hoc|ARM.Build.0 = Debug|Any CPU
		{590B9D16-853A-47CE-8864-D4AFD558817E}.Ad-Hoc|iPhone.ActiveCfg = Debug|Any CPU
		{590B9D16-853A-47CE-8864-D4AFD558817E}.Ad-Hoc|iPhone.Build.0 = Debug|Any CPU
		{590B9D16-853A-47CE-8864-D4AFD558817E}.Ad-Hoc|iPhoneSimulator.ActiveCfg = Debug|Any CPU
		{590B9D16-853A-47CE-8864-D4AFD558817E}.Ad-Hoc|iPhoneSimulator.Build.0 = Debug|Any CPU
		{590B9D16-853A-47CE-8864-D4AFD558817E}.Ad-Hoc|x64.ActiveCfg = Debug|Any CPU
		{590B9D16-853A-47CE-8864-D4AFD558817E}.Ad-Hoc|x64.Build.0 = Debug|Any CPU
		{590B9D16-853A-47CE-8864-D4AFD558817E}.Ad-Hoc|x86.ActiveCfg = Debug|Any CPU
		{590B9D16-853A-47CE-8864-D4AFD558817E}.Ad-Hoc|x86.Build.0 = Debug|Any CPU
		{590B9D16-853A-47CE-8864-D4AFD558817E}.AppStore|Any CPU.ActiveCfg = Debug|Any CPU
		{590B9D16-853A-47CE-8864-D4AFD558817E}.AppStore|Any CPU.Build.0 = Debug|Any CPU
		{590B9D16-853A-47CE-8864-D4AFD558817E}.AppStore|ARM.ActiveCfg = Debug|Any CPU
		{590B9D16-853A-47CE-8864-D4AFD558817E}.AppStore|ARM.Build.0 = Debug|Any CPU
		{590B9D16-853A-47CE-8864-D4AFD558817E}.AppStore|iPhone.ActiveCfg = Debug|Any CPU
		{590B9D16-853A-47CE-8864-D4AFD558817E}.AppStore|iPhone.Build.0 = Debug|Any CPU
		{590B9D16-853A-47CE-8864-D4AFD558817E}.AppStore|iPhoneSimulator.ActiveCfg = Debug|Any CPU
		{590B9D16-853A-47CE-8864-D4AFD558817E}.AppStore|iPhoneSimulator.Build.0 = Debug|Any CPU
		{590B9D16-853A-47CE-8864-D4AFD558817E}.AppStore|x64.ActiveCfg = Debug|Any CPU
		{590B9D16-853A-47CE-8864-D4AFD558817E}.AppStore|x64.Build.0 = Debug|Any CPU
		{590B9D16-853A-47CE-8864-D4AFD558817E}.AppStore|x86.ActiveCfg = Debug|Any CPU
		{590B9D16-853A-47CE-8864-D4AFD558817E}.AppStore|x86.Build.0 = Debug|Any CPU
		{590B9D16-853A-47CE-8864-D4AFD558817E}.Debug|Any CPU.ActiveCfg = Debug|Any CPU
		{590B9D16-853A-47CE-8864-D4AFD558817E}.Debug|Any CPU.Build.0 = Debug|Any CPU
		{590B9D16-853A-47CE-8864-D4AFD558817E}.Debug|ARM.ActiveCfg = Debug|Any CPU
		{590B9D16-853A-47CE-8864-D4AFD558817E}.Debug|ARM.Build.0 = Debug|Any CPU
		{590B9D16-853A-47CE-8864-D4AFD558817E}.Debug|iPhone.ActiveCfg = Debug|Any CPU
		{590B9D16-853A-47CE-8864-D4AFD558817E}.Debug|iPhone.Build.0 = Debug|Any CPU
		{590B9D16-853A-47CE-8864-D4AFD558817E}.Debug|iPhoneSimulator.ActiveCfg = Debug|Any CPU
		{590B9D16-853A-47CE-8864-D4AFD558817E}.Debug|iPhoneSimulator.Build.0 = Debug|Any CPU
		{590B9D16-853A-47CE-8864-D4AFD558817E}.Debug|x64.ActiveCfg = Debug|Any CPU
		{590B9D16-853A-47CE-8864-D4AFD558817E}.Debug|x64.Build.0 = Debug|Any CPU
		{590B9D16-853A-47CE-8864-D4AFD558817E}.Debug|x86.ActiveCfg = Debug|Any CPU
		{590B9D16-853A-47CE-8864-D4AFD558817E}.Debug|x86.Build.0 = Debug|Any CPU
		{590B9D16-853A-47CE-8864-D4AFD558817E}.Release|Any CPU.ActiveCfg = Release|Any CPU
		{590B9D16-853A-47CE-8864-D4AFD558817E}.Release|Any CPU.Build.0 = Release|Any CPU
		{590B9D16-853A-47CE-8864-D4AFD558817E}.Release|ARM.ActiveCfg = Release|Any CPU
		{590B9D16-853A-47CE-8864-D4AFD558817E}.Release|ARM.Build.0 = Release|Any CPU
		{590B9D16-853A-47CE-8864-D4AFD558817E}.Release|iPhone.ActiveCfg = Release|Any CPU
		{590B9D16-853A-47CE-8864-D4AFD558817E}.Release|iPhone.Build.0 = Release|Any CPU
		{590B9D16-853A-47CE-8864-D4AFD558817E}.Release|iPhoneSimulator.ActiveCfg = Release|Any CPU
		{590B9D16-853A-47CE-8864-D4AFD558817E}.Release|iPhoneSimulator.Build.0 = Release|Any CPU
		{590B9D16-853A-47CE-8864-D4AFD558817E}.Release|x64.ActiveCfg = Release|Any CPU
		{590B9D16-853A-47CE-8864-D4AFD558817E}.Release|x64.Build.0 = Release|Any CPU
		{590B9D16-853A-47CE-8864-D4AFD558817E}.Release|x86.ActiveCfg = Release|Any CPU
		{590B9D16-853A-47CE-8864-D4AFD558817E}.Release|x86.Build.0 = Release|Any CPU
		{BC042610-FD46-4B2F-A5DC-7E9660428029}.Ad-Hoc|Any CPU.ActiveCfg = Debug|Any CPU
		{BC042610-FD46-4B2F-A5DC-7E9660428029}.Ad-Hoc|Any CPU.Build.0 = Debug|Any CPU
		{BC042610-FD46-4B2F-A5DC-7E9660428029}.Ad-Hoc|ARM.ActiveCfg = Debug|Any CPU
		{BC042610-FD46-4B2F-A5DC-7E9660428029}.Ad-Hoc|ARM.Build.0 = Debug|Any CPU
		{BC042610-FD46-4B2F-A5DC-7E9660428029}.Ad-Hoc|iPhone.ActiveCfg = Debug|Any CPU
		{BC042610-FD46-4B2F-A5DC-7E9660428029}.Ad-Hoc|iPhone.Build.0 = Debug|Any CPU
		{BC042610-FD46-4B2F-A5DC-7E9660428029}.Ad-Hoc|iPhoneSimulator.ActiveCfg = Debug|Any CPU
		{BC042610-FD46-4B2F-A5DC-7E9660428029}.Ad-Hoc|iPhoneSimulator.Build.0 = Debug|Any CPU
		{BC042610-FD46-4B2F-A5DC-7E9660428029}.Ad-Hoc|x64.ActiveCfg = Debug|Any CPU
		{BC042610-FD46-4B2F-A5DC-7E9660428029}.Ad-Hoc|x64.Build.0 = Debug|Any CPU
		{BC042610-FD46-4B2F-A5DC-7E9660428029}.Ad-Hoc|x86.ActiveCfg = Debug|Any CPU
		{BC042610-FD46-4B2F-A5DC-7E9660428029}.Ad-Hoc|x86.Build.0 = Debug|Any CPU
		{BC042610-FD46-4B2F-A5DC-7E9660428029}.AppStore|Any CPU.ActiveCfg = Debug|Any CPU
		{BC042610-FD46-4B2F-A5DC-7E9660428029}.AppStore|Any CPU.Build.0 = Debug|Any CPU
		{BC042610-FD46-4B2F-A5DC-7E9660428029}.AppStore|ARM.ActiveCfg = Debug|Any CPU
		{BC042610-FD46-4B2F-A5DC-7E9660428029}.AppStore|ARM.Build.0 = Debug|Any CPU
		{BC042610-FD46-4B2F-A5DC-7E9660428029}.AppStore|iPhone.ActiveCfg = Debug|Any CPU
		{BC042610-FD46-4B2F-A5DC-7E9660428029}.AppStore|iPhone.Build.0 = Debug|Any CPU
		{BC042610-FD46-4B2F-A5DC-7E9660428029}.AppStore|iPhoneSimulator.ActiveCfg = Debug|Any CPU
		{BC042610-FD46-4B2F-A5DC-7E9660428029}.AppStore|iPhoneSimulator.Build.0 = Debug|Any CPU
		{BC042610-FD46-4B2F-A5DC-7E9660428029}.AppStore|x64.ActiveCfg = Debug|Any CPU
		{BC042610-FD46-4B2F-A5DC-7E9660428029}.AppStore|x64.Build.0 = Debug|Any CPU
		{BC042610-FD46-4B2F-A5DC-7E9660428029}.AppStore|x86.ActiveCfg = Debug|Any CPU
		{BC042610-FD46-4B2F-A5DC-7E9660428029}.AppStore|x86.Build.0 = Debug|Any CPU
		{BC042610-FD46-4B2F-A5DC-7E9660428029}.Debug|Any CPU.ActiveCfg = Debug|Any CPU
		{BC042610-FD46-4B2F-A5DC-7E9660428029}.Debug|Any CPU.Build.0 = Debug|Any CPU
		{BC042610-FD46-4B2F-A5DC-7E9660428029}.Debug|ARM.ActiveCfg = Debug|Any CPU
		{BC042610-FD46-4B2F-A5DC-7E9660428029}.Debug|ARM.Build.0 = Debug|Any CPU
		{BC042610-FD46-4B2F-A5DC-7E9660428029}.Debug|iPhone.ActiveCfg = Debug|Any CPU
		{BC042610-FD46-4B2F-A5DC-7E9660428029}.Debug|iPhone.Build.0 = Debug|Any CPU
		{BC042610-FD46-4B2F-A5DC-7E9660428029}.Debug|iPhoneSimulator.ActiveCfg = Debug|Any CPU
		{BC042610-FD46-4B2F-A5DC-7E9660428029}.Debug|iPhoneSimulator.Build.0 = Debug|Any CPU
		{BC042610-FD46-4B2F-A5DC-7E9660428029}.Debug|x64.ActiveCfg = Debug|Any CPU
		{BC042610-FD46-4B2F-A5DC-7E9660428029}.Debug|x64.Build.0 = Debug|Any CPU
		{BC042610-FD46-4B2F-A5DC-7E9660428029}.Debug|x86.ActiveCfg = Debug|Any CPU
		{BC042610-FD46-4B2F-A5DC-7E9660428029}.Debug|x86.Build.0 = Debug|Any CPU
		{BC042610-FD46-4B2F-A5DC-7E9660428029}.Release|Any CPU.ActiveCfg = Release|Any CPU
		{BC042610-FD46-4B2F-A5DC-7E9660428029}.Release|Any CPU.Build.0 = Release|Any CPU
		{BC042610-FD46-4B2F-A5DC-7E9660428029}.Release|ARM.ActiveCfg = Release|Any CPU
		{BC042610-FD46-4B2F-A5DC-7E9660428029}.Release|ARM.Build.0 = Release|Any CPU
		{BC042610-FD46-4B2F-A5DC-7E9660428029}.Release|iPhone.ActiveCfg = Release|Any CPU
		{BC042610-FD46-4B2F-A5DC-7E9660428029}.Release|iPhone.Build.0 = Release|Any CPU
		{BC042610-FD46-4B2F-A5DC-7E9660428029}.Release|iPhoneSimulator.ActiveCfg = Release|Any CPU
		{BC042610-FD46-4B2F-A5DC-7E9660428029}.Release|iPhoneSimulator.Build.0 = Release|Any CPU
		{BC042610-FD46-4B2F-A5DC-7E9660428029}.Release|x64.ActiveCfg = Release|Any CPU
		{BC042610-FD46-4B2F-A5DC-7E9660428029}.Release|x64.Build.0 = Release|Any CPU
		{BC042610-FD46-4B2F-A5DC-7E9660428029}.Release|x86.ActiveCfg = Release|Any CPU
		{BC042610-FD46-4B2F-A5DC-7E9660428029}.Release|x86.Build.0 = Release|Any CPU
	EndGlobalSection
	GlobalSection(SolutionProperties) = preSolution
		HideSolutionNode = FALSE
	EndGlobalSection
	GlobalSection(ExtensibilityGlobals) = postSolution
		SolutionGuid = {4EA56949-F7FE-4681-A19D-2C907A4DFAA2}
	EndGlobalSection
EndGlobal
